
Microsoft Visual Studio Solution File, Format Version 12.00
# Visual Studio 14
VisualStudioVersion = 14.0.24720.0
MinimumVisualStudioVersion = 10.0.40219.1
Project("{FAE04EC0-301F-11D3-BF4B-00C04F79EFBC}") = "HttpLibrary.Net", "src\HttpLibrary.Net\HttpLibrary.Net.csproj", "{67F9D3A8-F71E-4428-913F-C37AE82CDB24}"
EndProject
Project("{2150E333-8FDC-42A3-9474-1A3956D46DE8}") = "Platforms", "Platforms", "{C673FB79-E4B7-4D67-BE95-52CCB2352FCE}"
EndProject
Project("{2150E333-8FDC-42A3-9474-1A3956D46DE8}") = "Examples", "Examples", "{F9C6C9FB-23A7-452C-B311-C82B09B7A39F}"
EndProject
Project("{FAE04EC0-301F-11D3-BF4B-00C04F79EFBC}") = "HttpLibraryUWPTest", "examples\HttpLibraryUWPTest\HttpLibraryUWPTest.csproj", "{8681EDC8-C9DA-495A-BF74-6EF3E47FD266}"
EndProject
Project("{FAE04EC0-301F-11D3-BF4B-00C04F79EFBC}") = "HttpLibraryTest.Droid", "examples\HttpLibraryTest\HttpLibraryTest.Droid\", "{5022D09E-CE72-4E20-A86A-36CCA041DF7B}"
	ProjectSection(WebsiteProperties) = preProject
		Debug.AspNetCompiler.VirtualPath = "/localhost_12771"
		Debug.AspNetCompiler.PhysicalPath = "examples\HttpLibraryTest\HttpLibraryTest.Droid\"
		Debug.AspNetCompiler.TargetPath = "PrecompiledWeb\localhost_12771\"
		Debug.AspNetCompiler.Updateable = "true"
		Debug.AspNetCompiler.ForceOverwrite = "true"
		Debug.AspNetCompiler.FixedNames = "false"
		Debug.AspNetCompiler.Debug = "True"
		Release.AspNetCompiler.VirtualPath = "/localhost_12771"
		Release.AspNetCompiler.PhysicalPath = "examples\HttpLibraryTest\HttpLibraryTest.Droid\"
		Release.AspNetCompiler.TargetPath = "PrecompiledWeb\localhost_12771\"
		Release.AspNetCompiler.Updateable = "true"
		Release.AspNetCompiler.ForceOverwrite = "true"
		Release.AspNetCompiler.FixedNames = "false"
		Release.AspNetCompiler.Debug = "False"
		VWDPort = "12771"
		SlnRelativePath = "examples\HttpLibraryTest\HttpLibraryTest.Droid\"
	EndProjectSection
EndProject
Project("{FAE04EC0-301F-11D3-BF4B-00C04F79EFBC}") = "HttpLibraryTest.iOS", "examples\HttpLibraryTest\HttpLibraryTest.iOS\", "{806DF529-0550-466C-9D9E-57B93C32830E}"
	ProjectSection(WebsiteProperties) = preProject
		Debug.AspNetCompiler.VirtualPath = "/localhost_12788"
		Debug.AspNetCompiler.PhysicalPath = "examples\HttpLibraryTest\HttpLibraryTest.iOS\"
		Debug.AspNetCompiler.TargetPath = "PrecompiledWeb\localhost_12788\"
		Debug.AspNetCompiler.Updateable = "true"
		Debug.AspNetCompiler.ForceOverwrite = "true"
		Debug.AspNetCompiler.FixedNames = "false"
		Debug.AspNetCompiler.Debug = "True"
		Release.AspNetCompiler.VirtualPath = "/localhost_12788"
		Release.AspNetCompiler.PhysicalPath = "examples\HttpLibraryTest\HttpLibraryTest.iOS\"
		Release.AspNetCompiler.TargetPath = "PrecompiledWeb\localhost_12788\"
		Release.AspNetCompiler.Updateable = "true"
		Release.AspNetCompiler.ForceOverwrite = "true"
		Release.AspNetCompiler.FixedNames = "false"
		Release.AspNetCompiler.Debug = "False"
		VWDPort = "12788"
		SlnRelativePath = "examples\HttpLibraryTest\HttpLibraryTest.iOS\"
	EndProjectSection
EndProject
Project("{FAE04EC0-301F-11D3-BF4B-00C04F79EFBC}") = "HttpLibraryTest.WinPhone", "examples\HttpLibraryTest\HttpLibraryTest.WinPhone\HttpLibraryTest.WinPhone.csproj", "{3586BA45-E4CD-4607-8588-A1477F611E07}"
EndProject
Project("{FAE04EC0-301F-11D3-BF4B-00C04F79EFBC}") = "HttpLibraryTest.Windows", "examples\HttpLibraryTest\HttpLibraryTest.Windows\HttpLibraryTest.Windows.csproj", "{37505816-C0C4-4D4A-AA9E-9A1B6E0E36E5}"
EndProject
Project("{FAE04EC0-301F-11D3-BF4B-00C04F79EFBC}") = "HttpLibrary.Platform.UWP", "src\HttpLibrary.Platform.UWP\HttpLibrary.Platform.UWP.csproj", "{23928727-EE58-4E1E-9EFE-66EF2E1B804D}"
EndProject
Project("{FAE04EC0-301F-11D3-BF4B-00C04F79EFBC}") = "HttpLibraryTest", "examples\HttpLibraryTest\HttpLibraryTest\HttpLibraryTest.csproj", "{940E814A-F5CB-4AEB-A29A-5F92EFCA2417}"
EndProject
Project("{FAE04EC0-301F-11D3-BF4B-00C04F79EFBC}") = "HttpLibraryTest.UWP", "examples\HttpLibraryTest\HttpLibraryTest.UWP\HttpLibraryTest.UWP.csproj", "{B43036FC-6279-492B-8CB4-FF1BF4606C45}"
EndProject
Global
	GlobalSection(SolutionConfigurationPlatforms) = preSolution
		Ad-Hoc|Any CPU = Ad-Hoc|Any CPU
		Ad-Hoc|ARM = Ad-Hoc|ARM
		Ad-Hoc|iPhone = Ad-Hoc|iPhone
		Ad-Hoc|iPhoneSimulator = Ad-Hoc|iPhoneSimulator
		Ad-Hoc|x64 = Ad-Hoc|x64
		Ad-Hoc|x86 = Ad-Hoc|x86
		AppStore|Any CPU = AppStore|Any CPU
		AppStore|ARM = AppStore|ARM
		AppStore|iPhone = AppStore|iPhone
		AppStore|iPhoneSimulator = AppStore|iPhoneSimulator
		AppStore|x64 = AppStore|x64
		AppStore|x86 = AppStore|x86
		Debug|Any CPU = Debug|Any CPU
		Debug|ARM = Debug|ARM
		Debug|iPhone = Debug|iPhone
		Debug|iPhoneSimulator = Debug|iPhoneSimulator
		Debug|x64 = Debug|x64
		Debug|x86 = Debug|x86
		Release|Any CPU = Release|Any CPU
		Release|ARM = Release|ARM
		Release|iPhone = Release|iPhone
		Release|iPhoneSimulator = Release|iPhoneSimulator
		Release|x64 = Release|x64
		Release|x86 = Release|x86
	EndGlobalSection
	GlobalSection(ProjectConfigurationPlatforms) = postSolution
		{67F9D3A8-F71E-4428-913F-C37AE82CDB24}.Ad-Hoc|Any CPU.ActiveCfg = Release|Any CPU
		{67F9D3A8-F71E-4428-913F-C37AE82CDB24}.Ad-Hoc|Any CPU.Build.0 = Release|Any CPU
		{67F9D3A8-F71E-4428-913F-C37AE82CDB24}.Ad-Hoc|ARM.ActiveCfg = Release|Any CPU
		{67F9D3A8-F71E-4428-913F-C37AE82CDB24}.Ad-Hoc|ARM.Build.0 = Release|Any CPU
		{67F9D3A8-F71E-4428-913F-C37AE82CDB24}.Ad-Hoc|iPhone.ActiveCfg = Release|Any CPU
		{67F9D3A8-F71E-4428-913F-C37AE82CDB24}.Ad-Hoc|iPhone.Build.0 = Release|Any CPU
		{67F9D3A8-F71E-4428-913F-C37AE82CDB24}.Ad-Hoc|iPhoneSimulator.ActiveCfg = Release|Any CPU
		{67F9D3A8-F71E-4428-913F-C37AE82CDB24}.Ad-Hoc|iPhoneSimulator.Build.0 = Release|Any CPU
		{67F9D3A8-F71E-4428-913F-C37AE82CDB24}.Ad-Hoc|x64.ActiveCfg = Release|Any CPU
		{67F9D3A8-F71E-4428-913F-C37AE82CDB24}.Ad-Hoc|x64.Build.0 = Release|Any CPU
		{67F9D3A8-F71E-4428-913F-C37AE82CDB24}.Ad-Hoc|x86.ActiveCfg = Release|Any CPU
		{67F9D3A8-F71E-4428-913F-C37AE82CDB24}.Ad-Hoc|x86.Build.0 = Release|Any CPU
		{67F9D3A8-F71E-4428-913F-C37AE82CDB24}.AppStore|Any CPU.ActiveCfg = Release|Any CPU
		{67F9D3A8-F71E-4428-913F-C37AE82CDB24}.AppStore|Any CPU.Build.0 = Release|Any CPU
		{67F9D3A8-F71E-4428-913F-C37AE82CDB24}.AppStore|ARM.ActiveCfg = Release|Any CPU
		{67F9D3A8-F71E-4428-913F-C37AE82CDB24}.AppStore|ARM.Build.0 = Release|Any CPU
		{67F9D3A8-F71E-4428-913F-C37AE82CDB24}.AppStore|iPhone.ActiveCfg = Release|Any CPU
		{67F9D3A8-F71E-4428-913F-C37AE82CDB24}.AppStore|iPhone.Build.0 = Release|Any CPU
		{67F9D3A8-F71E-4428-913F-C37AE82CDB24}.AppStore|iPhoneSimulator.ActiveCfg = Release|Any CPU
		{67F9D3A8-F71E-4428-913F-C37AE82CDB24}.AppStore|iPhoneSimulator.Build.0 = Release|Any CPU
		{67F9D3A8-F71E-4428-913F-C37AE82CDB24}.AppStore|x64.ActiveCfg = Release|Any CPU
		{67F9D3A8-F71E-4428-913F-C37AE82CDB24}.AppStore|x64.Build.0 = Release|Any CPU
		{67F9D3A8-F71E-4428-913F-C37AE82CDB24}.AppStore|x86.ActiveCfg = Release|Any CPU
		{67F9D3A8-F71E-4428-913F-C37AE82CDB24}.AppStore|x86.Build.0 = Release|Any CPU
		{67F9D3A8-F71E-4428-913F-C37AE82CDB24}.Debug|Any CPU.ActiveCfg = Debug|Any CPU
		{67F9D3A8-F71E-4428-913F-C37AE82CDB24}.Debug|Any CPU.Build.0 = Debug|Any CPU
		{67F9D3A8-F71E-4428-913F-C37AE82CDB24}.Debug|ARM.ActiveCfg = Debug|Any CPU
		{67F9D3A8-F71E-4428-913F-C37AE82CDB24}.Debug|ARM.Build.0 = Debug|Any CPU
		{67F9D3A8-F71E-4428-913F-C37AE82CDB24}.Debug|iPhone.ActiveCfg = Debug|Any CPU
		{67F9D3A8-F71E-4428-913F-C37AE82CDB24}.Debug|iPhone.Build.0 = Debug|Any CPU
		{67F9D3A8-F71E-4428-913F-C37AE82CDB24}.Debug|iPhoneSimulator.ActiveCfg = Debug|Any CPU
		{67F9D3A8-F71E-4428-913F-C37AE82CDB24}.Debug|iPhoneSimulator.Build.0 = Debug|Any CPU
		{67F9D3A8-F71E-4428-913F-C37AE82CDB24}.Debug|x64.ActiveCfg = Debug|Any CPU
		{67F9D3A8-F71E-4428-913F-C37AE82CDB24}.Debug|x64.Build.0 = Debug|Any CPU
		{67F9D3A8-F71E-4428-913F-C37AE82CDB24}.Debug|x86.ActiveCfg = Debug|Any CPU
		{67F9D3A8-F71E-4428-913F-C37AE82CDB24}.Debug|x86.Build.0 = Debug|Any CPU
		{67F9D3A8-F71E-4428-913F-C37AE82CDB24}.Release|Any CPU.ActiveCfg = Release|Any CPU
		{67F9D3A8-F71E-4428-913F-C37AE82CDB24}.Release|Any CPU.Build.0 = Release|Any CPU
		{67F9D3A8-F71E-4428-913F-C37AE82CDB24}.Release|ARM.ActiveCfg = Release|Any CPU
		{67F9D3A8-F71E-4428-913F-C37AE82CDB24}.Release|ARM.Build.0 = Release|Any CPU
		{67F9D3A8-F71E-4428-913F-C37AE82CDB24}.Release|iPhone.ActiveCfg = Release|Any CPU
		{67F9D3A8-F71E-4428-913F-C37AE82CDB24}.Release|iPhone.Build.0 = Release|Any CPU
		{67F9D3A8-F71E-4428-913F-C37AE82CDB24}.Release|iPhoneSimulator.ActiveCfg = Release|Any CPU
		{67F9D3A8-F71E-4428-913F-C37AE82CDB24}.Release|iPhoneSimulator.Build.0 = Release|Any CPU
		{67F9D3A8-F71E-4428-913F-C37AE82CDB24}.Release|x64.ActiveCfg = Release|Any CPU
		{67F9D3A8-F71E-4428-913F-C37AE82CDB24}.Release|x64.Build.0 = Release|Any CPU
		{67F9D3A8-F71E-4428-913F-C37AE82CDB24}.Release|x86.ActiveCfg = Release|Any CPU
		{67F9D3A8-F71E-4428-913F-C37AE82CDB24}.Release|x86.Build.0 = Release|Any CPU
		{8681EDC8-C9DA-495A-BF74-6EF3E47FD266}.Ad-Hoc|Any CPU.ActiveCfg = Release|x64
		{8681EDC8-C9DA-495A-BF74-6EF3E47FD266}.Ad-Hoc|Any CPU.Build.0 = Release|x64
		{8681EDC8-C9DA-495A-BF74-6EF3E47FD266}.Ad-Hoc|Any CPU.Deploy.0 = Release|x64
		{8681EDC8-C9DA-495A-BF74-6EF3E47FD266}.Ad-Hoc|ARM.ActiveCfg = Release|ARM
		{8681EDC8-C9DA-495A-BF74-6EF3E47FD266}.Ad-Hoc|ARM.Build.0 = Release|ARM
		{8681EDC8-C9DA-495A-BF74-6EF3E47FD266}.Ad-Hoc|ARM.Deploy.0 = Release|ARM
		{8681EDC8-C9DA-495A-BF74-6EF3E47FD266}.Ad-Hoc|iPhone.ActiveCfg = Release|x64
		{8681EDC8-C9DA-495A-BF74-6EF3E47FD266}.Ad-Hoc|iPhone.Build.0 = Release|x64
		{8681EDC8-C9DA-495A-BF74-6EF3E47FD266}.Ad-Hoc|iPhone.Deploy.0 = Release|x64
		{8681EDC8-C9DA-495A-BF74-6EF3E47FD266}.Ad-Hoc|iPhoneSimulator.ActiveCfg = Release|x64
		{8681EDC8-C9DA-495A-BF74-6EF3E47FD266}.Ad-Hoc|iPhoneSimulator.Build.0 = Release|x64
		{8681EDC8-C9DA-495A-BF74-6EF3E47FD266}.Ad-Hoc|iPhoneSimulator.Deploy.0 = Release|x64
		{8681EDC8-C9DA-495A-BF74-6EF3E47FD266}.Ad-Hoc|x64.ActiveCfg = Release|x64
		{8681EDC8-C9DA-495A-BF74-6EF3E47FD266}.Ad-Hoc|x64.Build.0 = Release|x64
		{8681EDC8-C9DA-495A-BF74-6EF3E47FD266}.Ad-Hoc|x64.Deploy.0 = Release|x64
		{8681EDC8-C9DA-495A-BF74-6EF3E47FD266}.Ad-Hoc|x86.ActiveCfg = Release|x86
		{8681EDC8-C9DA-495A-BF74-6EF3E47FD266}.Ad-Hoc|x86.Build.0 = Release|x86
		{8681EDC8-C9DA-495A-BF74-6EF3E47FD266}.Ad-Hoc|x86.Deploy.0 = Release|x86
		{8681EDC8-C9DA-495A-BF74-6EF3E47FD266}.AppStore|Any CPU.ActiveCfg = Release|x64
		{8681EDC8-C9DA-495A-BF74-6EF3E47FD266}.AppStore|Any CPU.Build.0 = Release|x64
		{8681EDC8-C9DA-495A-BF74-6EF3E47FD266}.AppStore|Any CPU.Deploy.0 = Release|x64
		{8681EDC8-C9DA-495A-BF74-6EF3E47FD266}.AppStore|ARM.ActiveCfg = Release|ARM
		{8681EDC8-C9DA-495A-BF74-6EF3E47FD266}.AppStore|ARM.Build.0 = Release|ARM
		{8681EDC8-C9DA-495A-BF74-6EF3E47FD266}.AppStore|ARM.Deploy.0 = Release|ARM
		{8681EDC8-C9DA-495A-BF74-6EF3E47FD266}.AppStore|iPhone.ActiveCfg = Release|x64
		{8681EDC8-C9DA-495A-BF74-6EF3E47FD266}.AppStore|iPhone.Build.0 = Release|x64
		{8681EDC8-C9DA-495A-BF74-6EF3E47FD266}.AppStore|iPhone.Deploy.0 = Release|x64
		{8681EDC8-C9DA-495A-BF74-6EF3E47FD266}.AppStore|iPhoneSimulator.ActiveCfg = Release|x64
		{8681EDC8-C9DA-495A-BF74-6EF3E47FD266}.AppStore|iPhoneSimulator.Build.0 = Release|x64
		{8681EDC8-C9DA-495A-BF74-6EF3E47FD266}.AppStore|iPhoneSimulator.Deploy.0 = Release|x64
		{8681EDC8-C9DA-495A-BF74-6EF3E47FD266}.AppStore|x64.ActiveCfg = Release|x64
		{8681EDC8-C9DA-495A-BF74-6EF3E47FD266}.AppStore|x64.Build.0 = Release|x64
		{8681EDC8-C9DA-495A-BF74-6EF3E47FD266}.AppStore|x64.Deploy.0 = Release|x64
		{8681EDC8-C9DA-495A-BF74-6EF3E47FD266}.AppStore|x86.ActiveCfg = Release|x86
		{8681EDC8-C9DA-495A-BF74-6EF3E47FD266}.AppStore|x86.Build.0 = Release|x86
		{8681EDC8-C9DA-495A-BF74-6EF3E47FD266}.AppStore|x86.Deploy.0 = Release|x86
		{8681EDC8-C9DA-495A-BF74-6EF3E47FD266}.Debug|Any CPU.ActiveCfg = Debug|x86
		{8681EDC8-C9DA-495A-BF74-6EF3E47FD266}.Debug|ARM.ActiveCfg = Debug|ARM
		{8681EDC8-C9DA-495A-BF74-6EF3E47FD266}.Debug|ARM.Build.0 = Debug|ARM
		{8681EDC8-C9DA-495A-BF74-6EF3E47FD266}.Debug|ARM.Deploy.0 = Debug|ARM
		{8681EDC8-C9DA-495A-BF74-6EF3E47FD266}.Debug|iPhone.ActiveCfg = Debug|x86
		{8681EDC8-C9DA-495A-BF74-6EF3E47FD266}.Debug|iPhoneSimulator.ActiveCfg = Debug|x86
		{8681EDC8-C9DA-495A-BF74-6EF3E47FD266}.Debug|x64.ActiveCfg = Debug|x64
		{8681EDC8-C9DA-495A-BF74-6EF3E47FD266}.Debug|x64.Build.0 = Debug|x64
		{8681EDC8-C9DA-495A-BF74-6EF3E47FD266}.Debug|x64.Deploy.0 = Debug|x64
		{8681EDC8-C9DA-495A-BF74-6EF3E47FD266}.Debug|x86.ActiveCfg = Debug|x86
		{8681EDC8-C9DA-495A-BF74-6EF3E47FD266}.Debug|x86.Build.0 = Debug|x86
		{8681EDC8-C9DA-495A-BF74-6EF3E47FD266}.Debug|x86.Deploy.0 = Debug|x86
		{8681EDC8-C9DA-495A-BF74-6EF3E47FD266}.Release|Any CPU.ActiveCfg = Release|x86
		{8681EDC8-C9DA-495A-BF74-6EF3E47FD266}.Release|ARM.ActiveCfg = Release|ARM
		{8681EDC8-C9DA-495A-BF74-6EF3E47FD266}.Release|ARM.Build.0 = Release|ARM
		{8681EDC8-C9DA-495A-BF74-6EF3E47FD266}.Release|ARM.Deploy.0 = Release|ARM
		{8681EDC8-C9DA-495A-BF74-6EF3E47FD266}.Release|iPhone.ActiveCfg = Release|x86
		{8681EDC8-C9DA-495A-BF74-6EF3E47FD266}.Release|iPhoneSimulator.ActiveCfg = Release|x86
		{8681EDC8-C9DA-495A-BF74-6EF3E47FD266}.Release|x64.ActiveCfg = Release|x64
		{8681EDC8-C9DA-495A-BF74-6EF3E47FD266}.Release|x64.Build.0 = Release|x64
		{8681EDC8-C9DA-495A-BF74-6EF3E47FD266}.Release|x64.Deploy.0 = Release|x64
		{8681EDC8-C9DA-495A-BF74-6EF3E47FD266}.Release|x86.ActiveCfg = Release|x86
		{8681EDC8-C9DA-495A-BF74-6EF3E47FD266}.Release|x86.Build.0 = Release|x86
		{8681EDC8-C9DA-495A-BF74-6EF3E47FD266}.Release|x86.Deploy.0 = Release|x86
		{5022D09E-CE72-4E20-A86A-36CCA041DF7B}.Ad-Hoc|Any CPU.ActiveCfg = Debug|Any CPU
		{5022D09E-CE72-4E20-A86A-36CCA041DF7B}.Ad-Hoc|Any CPU.Build.0 = Debug|Any CPU
		{5022D09E-CE72-4E20-A86A-36CCA041DF7B}.Ad-Hoc|ARM.ActiveCfg = Debug|Any CPU
		{5022D09E-CE72-4E20-A86A-36CCA041DF7B}.Ad-Hoc|ARM.Build.0 = Debug|Any CPU
		{5022D09E-CE72-4E20-A86A-36CCA041DF7B}.Ad-Hoc|iPhone.ActiveCfg = Debug|Any CPU
		{5022D09E-CE72-4E20-A86A-36CCA041DF7B}.Ad-Hoc|iPhone.Build.0 = Debug|Any CPU
		{5022D09E-CE72-4E20-A86A-36CCA041DF7B}.Ad-Hoc|iPhoneSimulator.ActiveCfg = Debug|Any CPU
		{5022D09E-CE72-4E20-A86A-36CCA041DF7B}.Ad-Hoc|iPhoneSimulator.Build.0 = Debug|Any CPU
		{5022D09E-CE72-4E20-A86A-36CCA041DF7B}.Ad-Hoc|x64.ActiveCfg = Debug|Any CPU
		{5022D09E-CE72-4E20-A86A-36CCA041DF7B}.Ad-Hoc|x64.Build.0 = Debug|Any CPU
		{5022D09E-CE72-4E20-A86A-36CCA041DF7B}.Ad-Hoc|x86.ActiveCfg = Debug|Any CPU
		{5022D09E-CE72-4E20-A86A-36CCA041DF7B}.Ad-Hoc|x86.Build.0 = Debug|Any CPU
		{5022D09E-CE72-4E20-A86A-36CCA041DF7B}.AppStore|Any CPU.ActiveCfg = Debug|Any CPU
		{5022D09E-CE72-4E20-A86A-36CCA041DF7B}.AppStore|Any CPU.Build.0 = Debug|Any CPU
		{5022D09E-CE72-4E20-A86A-36CCA041DF7B}.AppStore|ARM.ActiveCfg = Debug|Any CPU
		{5022D09E-CE72-4E20-A86A-36CCA041DF7B}.AppStore|ARM.Build.0 = Debug|Any CPU
		{5022D09E-CE72-4E20-A86A-36CCA041DF7B}.AppStore|iPhone.ActiveCfg = Debug|Any CPU
		{5022D09E-CE72-4E20-A86A-36CCA041DF7B}.AppStore|iPhone.Build.0 = Debug|Any CPU
		{5022D09E-CE72-4E20-A86A-36CCA041DF7B}.AppStore|iPhoneSimulator.ActiveCfg = Debug|Any CPU
		{5022D09E-CE72-4E20-A86A-36CCA041DF7B}.AppStore|iPhoneSimulator.Build.0 = Debug|Any CPU
		{5022D09E-CE72-4E20-A86A-36CCA041DF7B}.AppStore|x64.ActiveCfg = Debug|Any CPU
		{5022D09E-CE72-4E20-A86A-36CCA041DF7B}.AppStore|x64.Build.0 = Debug|Any CPU
		{5022D09E-CE72-4E20-A86A-36CCA041DF7B}.AppStore|x86.ActiveCfg = Debug|Any CPU
		{5022D09E-CE72-4E20-A86A-36CCA041DF7B}.AppStore|x86.Build.0 = Debug|Any CPU
		{5022D09E-CE72-4E20-A86A-36CCA041DF7B}.Debug|Any CPU.ActiveCfg = Debug|Any CPU
		{5022D09E-CE72-4E20-A86A-36CCA041DF7B}.Debug|Any CPU.Build.0 = Debug|Any CPU
		{5022D09E-CE72-4E20-A86A-36CCA041DF7B}.Debug|Any CPU.Deploy.0 = Debug|Any CPU
		{5022D09E-CE72-4E20-A86A-36CCA041DF7B}.Debug|ARM.ActiveCfg = Debug|Any CPU
		{5022D09E-CE72-4E20-A86A-36CCA041DF7B}.Debug|ARM.Build.0 = Debug|Any CPU
		{5022D09E-CE72-4E20-A86A-36CCA041DF7B}.Debug|ARM.Deploy.0 = Debug|Any CPU
		{5022D09E-CE72-4E20-A86A-36CCA041DF7B}.Debug|iPhone.ActiveCfg = Debug|Any CPU
		{5022D09E-CE72-4E20-A86A-36CCA041DF7B}.Debug|iPhone.Build.0 = Debug|Any CPU
		{5022D09E-CE72-4E20-A86A-36CCA041DF7B}.Debug|iPhone.Deploy.0 = Debug|Any CPU
		{5022D09E-CE72-4E20-A86A-36CCA041DF7B}.Debug|iPhoneSimulator.ActiveCfg = Debug|Any CPU
		{5022D09E-CE72-4E20-A86A-36CCA041DF7B}.Debug|iPhoneSimulator.Build.0 = Debug|Any CPU
		{5022D09E-CE72-4E20-A86A-36CCA041DF7B}.Debug|iPhoneSimulator.Deploy.0 = Debug|Any CPU
		{5022D09E-CE72-4E20-A86A-36CCA041DF7B}.Debug|x64.ActiveCfg = Debug|Any CPU
		{5022D09E-CE72-4E20-A86A-36CCA041DF7B}.Debug|x64.Build.0 = Debug|Any CPU
		{5022D09E-CE72-4E20-A86A-36CCA041DF7B}.Debug|x64.Deploy.0 = Debug|Any CPU
		{5022D09E-CE72-4E20-A86A-36CCA041DF7B}.Debug|x86.ActiveCfg = Debug|Any CPU
		{5022D09E-CE72-4E20-A86A-36CCA041DF7B}.Debug|x86.Build.0 = Debug|Any CPU
		{5022D09E-CE72-4E20-A86A-36CCA041DF7B}.Debug|x86.Deploy.0 = Debug|Any CPU
		{5022D09E-CE72-4E20-A86A-36CCA041DF7B}.Release|Any CPU.ActiveCfg = Debug|Any CPU
		{5022D09E-CE72-4E20-A86A-36CCA041DF7B}.Release|Any CPU.Build.0 = Debug|Any CPU
		{5022D09E-CE72-4E20-A86A-36CCA041DF7B}.Release|ARM.ActiveCfg = Debug|Any CPU
		{5022D09E-CE72-4E20-A86A-36CCA041DF7B}.Release|ARM.Build.0 = Debug|Any CPU
		{5022D09E-CE72-4E20-A86A-36CCA041DF7B}.Release|iPhone.ActiveCfg = Debug|Any CPU
		{5022D09E-CE72-4E20-A86A-36CCA041DF7B}.Release|iPhone.Build.0 = Debug|Any CPU
		{5022D09E-CE72-4E20-A86A-36CCA041DF7B}.Release|iPhoneSimulator.ActiveCfg = Debug|Any CPU
		{5022D09E-CE72-4E20-A86A-36CCA041DF7B}.Release|iPhoneSimulator.Build.0 = Debug|Any CPU
		{5022D09E-CE72-4E20-A86A-36CCA041DF7B}.Release|x64.ActiveCfg = Debug|Any CPU
		{5022D09E-CE72-4E20-A86A-36CCA041DF7B}.Release|x64.Build.0 = Debug|Any CPU
		{5022D09E-CE72-4E20-A86A-36CCA041DF7B}.Release|x86.ActiveCfg = Debug|Any CPU
		{5022D09E-CE72-4E20-A86A-36CCA041DF7B}.Release|x86.Build.0 = Debug|Any CPU
		{806DF529-0550-466C-9D9E-57B93C32830E}.Ad-Hoc|Any CPU.ActiveCfg = Debug|Any CPU
		{806DF529-0550-466C-9D9E-57B93C32830E}.Ad-Hoc|Any CPU.Build.0 = Debug|Any CPU
		{806DF529-0550-466C-9D9E-57B93C32830E}.Ad-Hoc|ARM.ActiveCfg = Debug|Any CPU
		{806DF529-0550-466C-9D9E-57B93C32830E}.Ad-Hoc|ARM.Build.0 = Debug|Any CPU
		{806DF529-0550-466C-9D9E-57B93C32830E}.Ad-Hoc|iPhone.ActiveCfg = Debug|Any CPU
		{806DF529-0550-466C-9D9E-57B93C32830E}.Ad-Hoc|iPhone.Build.0 = Debug|Any CPU
		{806DF529-0550-466C-9D9E-57B93C32830E}.Ad-Hoc|iPhoneSimulator.ActiveCfg = Debug|Any CPU
		{806DF529-0550-466C-9D9E-57B93C32830E}.Ad-Hoc|iPhoneSimulator.Build.0 = Debug|Any CPU
		{806DF529-0550-466C-9D9E-57B93C32830E}.Ad-Hoc|x64.ActiveCfg = Debug|Any CPU
		{806DF529-0550-466C-9D9E-57B93C32830E}.Ad-Hoc|x64.Build.0 = Debug|Any CPU
		{806DF529-0550-466C-9D9E-57B93C32830E}.Ad-Hoc|x86.ActiveCfg = Debug|Any CPU
		{806DF529-0550-466C-9D9E-57B93C32830E}.Ad-Hoc|x86.Build.0 = Debug|Any CPU
		{806DF529-0550-466C-9D9E-57B93C32830E}.AppStore|Any CPU.ActiveCfg = Debug|Any CPU
		{806DF529-0550-466C-9D9E-57B93C32830E}.AppStore|Any CPU.Build.0 = Debug|Any CPU
		{806DF529-0550-466C-9D9E-57B93C32830E}.AppStore|ARM.ActiveCfg = Debug|Any CPU
		{806DF529-0550-466C-9D9E-57B93C32830E}.AppStore|ARM.Build.0 = Debug|Any CPU
		{806DF529-0550-466C-9D9E-57B93C32830E}.AppStore|iPhone.ActiveCfg = Debug|Any CPU
		{806DF529-0550-466C-9D9E-57B93C32830E}.AppStore|iPhone.Build.0 = Debug|Any CPU
		{806DF529-0550-466C-9D9E-57B93C32830E}.AppStore|iPhoneSimulator.ActiveCfg = Debug|Any CPU
		{806DF529-0550-466C-9D9E-57B93C32830E}.AppStore|iPhoneSimulator.Build.0 = Debug|Any CPU
		{806DF529-0550-466C-9D9E-57B93C32830E}.AppStore|x64.ActiveCfg = Debug|Any CPU
		{806DF529-0550-466C-9D9E-57B93C32830E}.AppStore|x64.Build.0 = Debug|Any CPU
		{806DF529-0550-466C-9D9E-57B93C32830E}.AppStore|x86.ActiveCfg = Debug|Any CPU
		{806DF529-0550-466C-9D9E-57B93C32830E}.AppStore|x86.Build.0 = Debug|Any CPU
		{806DF529-0550-466C-9D9E-57B93C32830E}.Debug|Any CPU.ActiveCfg = Debug|Any CPU
		{806DF529-0550-466C-9D9E-57B93C32830E}.Debug|Any CPU.Build.0 = Debug|Any CPU
		{806DF529-0550-466C-9D9E-57B93C32830E}.Debug|ARM.ActiveCfg = Debug|Any CPU
		{806DF529-0550-466C-9D9E-57B93C32830E}.Debug|ARM.Build.0 = Debug|Any CPU
		{806DF529-0550-466C-9D9E-57B93C32830E}.Debug|iPhone.ActiveCfg = Debug|Any CPU
		{806DF529-0550-466C-9D9E-57B93C32830E}.Debug|iPhone.Build.0 = Debug|Any CPU
		{806DF529-0550-466C-9D9E-57B93C32830E}.Debug|iPhoneSimulator.ActiveCfg = Debug|Any CPU
		{806DF529-0550-466C-9D9E-57B93C32830E}.Debug|iPhoneSimulator.Build.0 = Debug|Any CPU
		{806DF529-0550-466C-9D9E-57B93C32830E}.Debug|x64.ActiveCfg = Debug|Any CPU
		{806DF529-0550-466C-9D9E-57B93C32830E}.Debug|x64.Build.0 = Debug|Any CPU
		{806DF529-0550-466C-9D9E-57B93C32830E}.Debug|x86.ActiveCfg = Debug|Any CPU
		{806DF529-0550-466C-9D9E-57B93C32830E}.Debug|x86.Build.0 = Debug|Any CPU
		{806DF529-0550-466C-9D9E-57B93C32830E}.Release|Any CPU.ActiveCfg = Debug|Any CPU
		{806DF529-0550-466C-9D9E-57B93C32830E}.Release|Any CPU.Build.0 = Debug|Any CPU
		{806DF529-0550-466C-9D9E-57B93C32830E}.Release|ARM.ActiveCfg = Debug|Any CPU
		{806DF529-0550-466C-9D9E-57B93C32830E}.Release|ARM.Build.0 = Debug|Any CPU
		{806DF529-0550-466C-9D9E-57B93C32830E}.Release|iPhone.ActiveCfg = Debug|Any CPU
		{806DF529-0550-466C-9D9E-57B93C32830E}.Release|iPhone.Build.0 = Debug|Any CPU
		{806DF529-0550-466C-9D9E-57B93C32830E}.Release|iPhoneSimulator.ActiveCfg = Debug|Any CPU
		{806DF529-0550-466C-9D9E-57B93C32830E}.Release|iPhoneSimulator.Build.0 = Debug|Any CPU
		{806DF529-0550-466C-9D9E-57B93C32830E}.Release|x64.ActiveCfg = Debug|Any CPU
		{806DF529-0550-466C-9D9E-57B93C32830E}.Release|x64.Build.0 = Debug|Any CPU
		{806DF529-0550-466C-9D9E-57B93C32830E}.Release|x86.ActiveCfg = Debug|Any CPU
		{806DF529-0550-466C-9D9E-57B93C32830E}.Release|x86.Build.0 = Debug|Any CPU
		{3586BA45-E4CD-4607-8588-A1477F611E07}.Ad-Hoc|Any CPU.ActiveCfg = Release|Any CPU
		{3586BA45-E4CD-4607-8588-A1477F611E07}.Ad-Hoc|Any CPU.Build.0 = Release|Any CPU
		{3586BA45-E4CD-4607-8588-A1477F611E07}.Ad-Hoc|Any CPU.Deploy.0 = Release|Any CPU
		{3586BA45-E4CD-4607-8588-A1477F611E07}.Ad-Hoc|ARM.ActiveCfg = Release|ARM
		{3586BA45-E4CD-4607-8588-A1477F611E07}.Ad-Hoc|ARM.Build.0 = Release|ARM
		{3586BA45-E4CD-4607-8588-A1477F611E07}.Ad-Hoc|ARM.Deploy.0 = Release|ARM
		{3586BA45-E4CD-4607-8588-A1477F611E07}.Ad-Hoc|iPhone.ActiveCfg = Release|Any CPU
		{3586BA45-E4CD-4607-8588-A1477F611E07}.Ad-Hoc|iPhone.Build.0 = Release|Any CPU
		{3586BA45-E4CD-4607-8588-A1477F611E07}.Ad-Hoc|iPhone.Deploy.0 = Release|Any CPU
		{3586BA45-E4CD-4607-8588-A1477F611E07}.Ad-Hoc|iPhoneSimulator.ActiveCfg = Release|Any CPU
		{3586BA45-E4CD-4607-8588-A1477F611E07}.Ad-Hoc|iPhoneSimulator.Build.0 = Release|Any CPU
		{3586BA45-E4CD-4607-8588-A1477F611E07}.Ad-Hoc|iPhoneSimulator.Deploy.0 = Release|Any CPU
		{3586BA45-E4CD-4607-8588-A1477F611E07}.Ad-Hoc|x64.ActiveCfg = Release|Any CPU
		{3586BA45-E4CD-4607-8588-A1477F611E07}.Ad-Hoc|x64.Build.0 = Release|Any CPU
		{3586BA45-E4CD-4607-8588-A1477F611E07}.Ad-Hoc|x64.Deploy.0 = Release|Any CPU
		{3586BA45-E4CD-4607-8588-A1477F611E07}.Ad-Hoc|x86.ActiveCfg = Release|x86
		{3586BA45-E4CD-4607-8588-A1477F611E07}.Ad-Hoc|x86.Build.0 = Release|x86
		{3586BA45-E4CD-4607-8588-A1477F611E07}.Ad-Hoc|x86.Deploy.0 = Release|x86
		{3586BA45-E4CD-4607-8588-A1477F611E07}.AppStore|Any CPU.ActiveCfg = Release|Any CPU
		{3586BA45-E4CD-4607-8588-A1477F611E07}.AppStore|Any CPU.Build.0 = Release|Any CPU
		{3586BA45-E4CD-4607-8588-A1477F611E07}.AppStore|Any CPU.Deploy.0 = Release|Any CPU
		{3586BA45-E4CD-4607-8588-A1477F611E07}.AppStore|ARM.ActiveCfg = Release|ARM
		{3586BA45-E4CD-4607-8588-A1477F611E07}.AppStore|ARM.Build.0 = Release|ARM
		{3586BA45-E4CD-4607-8588-A1477F611E07}.AppStore|ARM.Deploy.0 = Release|ARM
		{3586BA45-E4CD-4607-8588-A1477F611E07}.AppStore|iPhone.ActiveCfg = Release|Any CPU
		{3586BA45-E4CD-4607-8588-A1477F611E07}.AppStore|iPhone.Build.0 = Release|Any CPU
		{3586BA45-E4CD-4607-8588-A1477F611E07}.AppStore|iPhone.Deploy.0 = Release|Any CPU
		{3586BA45-E4CD-4607-8588-A1477F611E07}.AppStore|iPhoneSimulator.ActiveCfg = Release|Any CPU
		{3586BA45-E4CD-4607-8588-A1477F611E07}.AppStore|iPhoneSimulator.Build.0 = Release|Any CPU
		{3586BA45-E4CD-4607-8588-A1477F611E07}.AppStore|iPhoneSimulator.Deploy.0 = Release|Any CPU
		{3586BA45-E4CD-4607-8588-A1477F611E07}.AppStore|x64.ActiveCfg = Release|Any CPU
		{3586BA45-E4CD-4607-8588-A1477F611E07}.AppStore|x64.Build.0 = Release|Any CPU
		{3586BA45-E4CD-4607-8588-A1477F611E07}.AppStore|x64.Deploy.0 = Release|Any CPU
		{3586BA45-E4CD-4607-8588-A1477F611E07}.AppStore|x86.ActiveCfg = Release|x86
		{3586BA45-E4CD-4607-8588-A1477F611E07}.AppStore|x86.Build.0 = Release|x86
		{3586BA45-E4CD-4607-8588-A1477F611E07}.AppStore|x86.Deploy.0 = Release|x86
		{3586BA45-E4CD-4607-8588-A1477F611E07}.Debug|Any CPU.ActiveCfg = Debug|Any CPU
		{3586BA45-E4CD-4607-8588-A1477F611E07}.Debug|Any CPU.Build.0 = Debug|Any CPU
		{3586BA45-E4CD-4607-8588-A1477F611E07}.Debug|Any CPU.Deploy.0 = Debug|Any CPU
		{3586BA45-E4CD-4607-8588-A1477F611E07}.Debug|ARM.ActiveCfg = Debug|ARM
		{3586BA45-E4CD-4607-8588-A1477F611E07}.Debug|ARM.Build.0 = Debug|ARM
		{3586BA45-E4CD-4607-8588-A1477F611E07}.Debug|ARM.Deploy.0 = Debug|ARM
		{3586BA45-E4CD-4607-8588-A1477F611E07}.Debug|iPhone.ActiveCfg = Debug|Any CPU
		{3586BA45-E4CD-4607-8588-A1477F611E07}.Debug|iPhone.Build.0 = Debug|Any CPU
		{3586BA45-E4CD-4607-8588-A1477F611E07}.Debug|iPhone.Deploy.0 = Debug|Any CPU
		{3586BA45-E4CD-4607-8588-A1477F611E07}.Debug|iPhoneSimulator.ActiveCfg = Debug|Any CPU
		{3586BA45-E4CD-4607-8588-A1477F611E07}.Debug|iPhoneSimulator.Build.0 = Debug|Any CPU
		{3586BA45-E4CD-4607-8588-A1477F611E07}.Debug|iPhoneSimulator.Deploy.0 = Debug|Any CPU
		{3586BA45-E4CD-4607-8588-A1477F611E07}.Debug|x64.ActiveCfg = Debug|Any CPU
		{3586BA45-E4CD-4607-8588-A1477F611E07}.Debug|x64.Build.0 = Debug|Any CPU
		{3586BA45-E4CD-4607-8588-A1477F611E07}.Debug|x64.Deploy.0 = Debug|Any CPU
		{3586BA45-E4CD-4607-8588-A1477F611E07}.Debug|x86.ActiveCfg = Debug|x86
		{3586BA45-E4CD-4607-8588-A1477F611E07}.Debug|x86.Build.0 = Debug|x86
		{3586BA45-E4CD-4607-8588-A1477F611E07}.Debug|x86.Deploy.0 = Debug|x86
		{3586BA45-E4CD-4607-8588-A1477F611E07}.Release|Any CPU.ActiveCfg = Release|Any CPU
		{3586BA45-E4CD-4607-8588-A1477F611E07}.Release|Any CPU.Build.0 = Release|Any CPU
		{3586BA45-E4CD-4607-8588-A1477F611E07}.Release|Any CPU.Deploy.0 = Release|Any CPU
		{3586BA45-E4CD-4607-8588-A1477F611E07}.Release|ARM.ActiveCfg = Release|ARM
		{3586BA45-E4CD-4607-8588-A1477F611E07}.Release|ARM.Build.0 = Release|ARM
		{3586BA45-E4CD-4607-8588-A1477F611E07}.Release|ARM.Deploy.0 = Release|ARM
		{3586BA45-E4CD-4607-8588-A1477F611E07}.Release|iPhone.ActiveCfg = Release|Any CPU
		{3586BA45-E4CD-4607-8588-A1477F611E07}.Release|iPhone.Build.0 = Release|Any CPU
		{3586BA45-E4CD-4607-8588-A1477F611E07}.Release|iPhone.Deploy.0 = Release|Any CPU
		{3586BA45-E4CD-4607-8588-A1477F611E07}.Release|iPhoneSimulator.ActiveCfg = Release|Any CPU
		{3586BA45-E4CD-4607-8588-A1477F611E07}.Release|iPhoneSimulator.Build.0 = Release|Any CPU
		{3586BA45-E4CD-4607-8588-A1477F611E07}.Release|iPhoneSimulator.Deploy.0 = Release|Any CPU
		{3586BA45-E4CD-4607-8588-A1477F611E07}.Release|x64.ActiveCfg = Release|Any CPU
		{3586BA45-E4CD-4607-8588-A1477F611E07}.Release|x64.Build.0 = Release|Any CPU
		{3586BA45-E4CD-4607-8588-A1477F611E07}.Release|x64.Deploy.0 = Release|Any CPU
		{3586BA45-E4CD-4607-8588-A1477F611E07}.Release|x86.ActiveCfg = Release|x86
		{3586BA45-E4CD-4607-8588-A1477F611E07}.Release|x86.Build.0 = Release|x86
		{3586BA45-E4CD-4607-8588-A1477F611E07}.Release|x86.Deploy.0 = Release|x86
		{37505816-C0C4-4D4A-AA9E-9A1B6E0E36E5}.Ad-Hoc|Any CPU.ActiveCfg = Release|Any CPU
		{37505816-C0C4-4D4A-AA9E-9A1B6E0E36E5}.Ad-Hoc|Any CPU.Build.0 = Release|Any CPU
		{37505816-C0C4-4D4A-AA9E-9A1B6E0E36E5}.Ad-Hoc|Any CPU.Deploy.0 = Release|Any CPU
		{37505816-C0C4-4D4A-AA9E-9A1B6E0E36E5}.Ad-Hoc|ARM.ActiveCfg = Release|ARM
		{37505816-C0C4-4D4A-AA9E-9A1B6E0E36E5}.Ad-Hoc|ARM.Build.0 = Release|ARM
		{37505816-C0C4-4D4A-AA9E-9A1B6E0E36E5}.Ad-Hoc|ARM.Deploy.0 = Release|ARM
		{37505816-C0C4-4D4A-AA9E-9A1B6E0E36E5}.Ad-Hoc|iPhone.ActiveCfg = Release|Any CPU
		{37505816-C0C4-4D4A-AA9E-9A1B6E0E36E5}.Ad-Hoc|iPhone.Build.0 = Release|Any CPU
		{37505816-C0C4-4D4A-AA9E-9A1B6E0E36E5}.Ad-Hoc|iPhone.Deploy.0 = Release|Any CPU
		{37505816-C0C4-4D4A-AA9E-9A1B6E0E36E5}.Ad-Hoc|iPhoneSimulator.ActiveCfg = Release|Any CPU
		{37505816-C0C4-4D4A-AA9E-9A1B6E0E36E5}.Ad-Hoc|iPhoneSimulator.Build.0 = Release|Any CPU
		{37505816-C0C4-4D4A-AA9E-9A1B6E0E36E5}.Ad-Hoc|iPhoneSimulator.Deploy.0 = Release|Any CPU
		{37505816-C0C4-4D4A-AA9E-9A1B6E0E36E5}.Ad-Hoc|x64.ActiveCfg = Release|x64
		{37505816-C0C4-4D4A-AA9E-9A1B6E0E36E5}.Ad-Hoc|x64.Build.0 = Release|x64
		{37505816-C0C4-4D4A-AA9E-9A1B6E0E36E5}.Ad-Hoc|x64.Deploy.0 = Release|x64
		{37505816-C0C4-4D4A-AA9E-9A1B6E0E36E5}.Ad-Hoc|x86.ActiveCfg = Release|x86
		{37505816-C0C4-4D4A-AA9E-9A1B6E0E36E5}.Ad-Hoc|x86.Build.0 = Release|x86
		{37505816-C0C4-4D4A-AA9E-9A1B6E0E36E5}.Ad-Hoc|x86.Deploy.0 = Release|x86
		{37505816-C0C4-4D4A-AA9E-9A1B6E0E36E5}.AppStore|Any CPU.ActiveCfg = Release|Any CPU
		{37505816-C0C4-4D4A-AA9E-9A1B6E0E36E5}.AppStore|Any CPU.Build.0 = Release|Any CPU
		{37505816-C0C4-4D4A-AA9E-9A1B6E0E36E5}.AppStore|Any CPU.Deploy.0 = Release|Any CPU
		{37505816-C0C4-4D4A-AA9E-9A1B6E0E36E5}.AppStore|ARM.ActiveCfg = Release|ARM
		{37505816-C0C4-4D4A-AA9E-9A1B6E0E36E5}.AppStore|ARM.Build.0 = Release|ARM
		{37505816-C0C4-4D4A-AA9E-9A1B6E0E36E5}.AppStore|ARM.Deploy.0 = Release|ARM
		{37505816-C0C4-4D4A-AA9E-9A1B6E0E36E5}.AppStore|iPhone.ActiveCfg = Release|Any CPU
		{37505816-C0C4-4D4A-AA9E-9A1B6E0E36E5}.AppStore|iPhone.Build.0 = Release|Any CPU
		{37505816-C0C4-4D4A-AA9E-9A1B6E0E36E5}.AppStore|iPhone.Deploy.0 = Release|Any CPU
		{37505816-C0C4-4D4A-AA9E-9A1B6E0E36E5}.AppStore|iPhoneSimulator.ActiveCfg = Release|Any CPU
		{37505816-C0C4-4D4A-AA9E-9A1B6E0E36E5}.AppStore|iPhoneSimulator.Build.0 = Release|Any CPU
		{37505816-C0C4-4D4A-AA9E-9A1B6E0E36E5}.AppStore|iPhoneSimulator.Deploy.0 = Release|Any CPU
		{37505816-C0C4-4D4A-AA9E-9A1B6E0E36E5}.AppStore|x64.ActiveCfg = Release|x64
		{37505816-C0C4-4D4A-AA9E-9A1B6E0E36E5}.AppStore|x64.Build.0 = Release|x64
		{37505816-C0C4-4D4A-AA9E-9A1B6E0E36E5}.AppStore|x64.Deploy.0 = Release|x64
		{37505816-C0C4-4D4A-AA9E-9A1B6E0E36E5}.AppStore|x86.ActiveCfg = Release|x86
		{37505816-C0C4-4D4A-AA9E-9A1B6E0E36E5}.AppStore|x86.Build.0 = Release|x86
		{37505816-C0C4-4D4A-AA9E-9A1B6E0E36E5}.AppStore|x86.Deploy.0 = Release|x86
		{37505816-C0C4-4D4A-AA9E-9A1B6E0E36E5}.Debug|Any CPU.ActiveCfg = Debug|Any CPU
		{37505816-C0C4-4D4A-AA9E-9A1B6E0E36E5}.Debug|Any CPU.Build.0 = Debug|Any CPU
		{37505816-C0C4-4D4A-AA9E-9A1B6E0E36E5}.Debug|Any CPU.Deploy.0 = Debug|Any CPU
		{37505816-C0C4-4D4A-AA9E-9A1B6E0E36E5}.Debug|ARM.ActiveCfg = Debug|ARM
		{37505816-C0C4-4D4A-AA9E-9A1B6E0E36E5}.Debug|ARM.Build.0 = Debug|ARM
		{37505816-C0C4-4D4A-AA9E-9A1B6E0E36E5}.Debug|ARM.Deploy.0 = Debug|ARM
		{37505816-C0C4-4D4A-AA9E-9A1B6E0E36E5}.Debug|iPhone.ActiveCfg = Debug|Any CPU
		{37505816-C0C4-4D4A-AA9E-9A1B6E0E36E5}.Debug|iPhone.Build.0 = Debug|Any CPU
		{37505816-C0C4-4D4A-AA9E-9A1B6E0E36E5}.Debug|iPhone.Deploy.0 = Debug|Any CPU
		{37505816-C0C4-4D4A-AA9E-9A1B6E0E36E5}.Debug|iPhoneSimulator.ActiveCfg = Debug|Any CPU
		{37505816-C0C4-4D4A-AA9E-9A1B6E0E36E5}.Debug|iPhoneSimulator.Build.0 = Debug|Any CPU
		{37505816-C0C4-4D4A-AA9E-9A1B6E0E36E5}.Debug|iPhoneSimulator.Deploy.0 = Debug|Any CPU
		{37505816-C0C4-4D4A-AA9E-9A1B6E0E36E5}.Debug|x64.ActiveCfg = Debug|x64
		{37505816-C0C4-4D4A-AA9E-9A1B6E0E36E5}.Debug|x64.Build.0 = Debug|x64
		{37505816-C0C4-4D4A-AA9E-9A1B6E0E36E5}.Debug|x64.Deploy.0 = Debug|x64
		{37505816-C0C4-4D4A-AA9E-9A1B6E0E36E5}.Debug|x86.ActiveCfg = Debug|x86
		{37505816-C0C4-4D4A-AA9E-9A1B6E0E36E5}.Debug|x86.Build.0 = Debug|x86
		{37505816-C0C4-4D4A-AA9E-9A1B6E0E36E5}.Debug|x86.Deploy.0 = Debug|x86
		{37505816-C0C4-4D4A-AA9E-9A1B6E0E36E5}.Release|Any CPU.ActiveCfg = Release|Any CPU
		{37505816-C0C4-4D4A-AA9E-9A1B6E0E36E5}.Release|Any CPU.Build.0 = Release|Any CPU
		{37505816-C0C4-4D4A-AA9E-9A1B6E0E36E5}.Release|Any CPU.Deploy.0 = Release|Any CPU
		{37505816-C0C4-4D4A-AA9E-9A1B6E0E36E5}.Release|ARM.ActiveCfg = Release|ARM
		{37505816-C0C4-4D4A-AA9E-9A1B6E0E36E5}.Release|ARM.Build.0 = Release|ARM
		{37505816-C0C4-4D4A-AA9E-9A1B6E0E36E5}.Release|ARM.Deploy.0 = Release|ARM
		{37505816-C0C4-4D4A-AA9E-9A1B6E0E36E5}.Release|iPhone.ActiveCfg = Release|Any CPU
		{37505816-C0C4-4D4A-AA9E-9A1B6E0E36E5}.Release|iPhone.Build.0 = Release|Any CPU
		{37505816-C0C4-4D4A-AA9E-9A1B6E0E36E5}.Release|iPhone.Deploy.0 = Release|Any CPU
		{37505816-C0C4-4D4A-AA9E-9A1B6E0E36E5}.Release|iPhoneSimulator.ActiveCfg = Release|Any CPU
		{37505816-C0C4-4D4A-AA9E-9A1B6E0E36E5}.Release|iPhoneSimulator.Build.0 = Release|Any CPU
		{37505816-C0C4-4D4A-AA9E-9A1B6E0E36E5}.Release|iPhoneSimulator.Deploy.0 = Release|Any CPU
		{37505816-C0C4-4D4A-AA9E-9A1B6E0E36E5}.Release|x64.ActiveCfg = Release|x64
		{37505816-C0C4-4D4A-AA9E-9A1B6E0E36E5}.Release|x64.Build.0 = Release|x64
		{37505816-C0C4-4D4A-AA9E-9A1B6E0E36E5}.Release|x64.Deploy.0 = Release|x64
		{37505816-C0C4-4D4A-AA9E-9A1B6E0E36E5}.Release|x86.ActiveCfg = Release|x86
		{37505816-C0C4-4D4A-AA9E-9A1B6E0E36E5}.Release|x86.Build.0 = Release|x86
		{37505816-C0C4-4D4A-AA9E-9A1B6E0E36E5}.Release|x86.Deploy.0 = Release|x86
		{23928727-EE58-4E1E-9EFE-66EF2E1B804D}.Ad-Hoc|Any CPU.ActiveCfg = Release|Any CPU
		{23928727-EE58-4E1E-9EFE-66EF2E1B804D}.Ad-Hoc|Any CPU.Build.0 = Release|Any CPU
		{23928727-EE58-4E1E-9EFE-66EF2E1B804D}.Ad-Hoc|ARM.ActiveCfg = Release|ARM
		{23928727-EE58-4E1E-9EFE-66EF2E1B804D}.Ad-Hoc|ARM.Build.0 = Release|ARM
		{23928727-EE58-4E1E-9EFE-66EF2E1B804D}.Ad-Hoc|iPhone.ActiveCfg = Release|Any CPU
		{23928727-EE58-4E1E-9EFE-66EF2E1B804D}.Ad-Hoc|iPhone.Build.0 = Release|Any CPU
		{23928727-EE58-4E1E-9EFE-66EF2E1B804D}.Ad-Hoc|iPhoneSimulator.ActiveCfg = Release|Any CPU
		{23928727-EE58-4E1E-9EFE-66EF2E1B804D}.Ad-Hoc|iPhoneSimulator.Build.0 = Release|Any CPU
		{23928727-EE58-4E1E-9EFE-66EF2E1B804D}.Ad-Hoc|x64.ActiveCfg = Release|x64
		{23928727-EE58-4E1E-9EFE-66EF2E1B804D}.Ad-Hoc|x64.Build.0 = Release|x64
		{23928727-EE58-4E1E-9EFE-66EF2E1B804D}.Ad-Hoc|x86.ActiveCfg = Release|x86
		{23928727-EE58-4E1E-9EFE-66EF2E1B804D}.Ad-Hoc|x86.Build.0 = Release|x86
		{23928727-EE58-4E1E-9EFE-66EF2E1B804D}.AppStore|Any CPU.ActiveCfg = Release|Any CPU
		{23928727-EE58-4E1E-9EFE-66EF2E1B804D}.AppStore|Any CPU.Build.0 = Release|Any CPU
		{23928727-EE58-4E1E-9EFE-66EF2E1B804D}.AppStore|ARM.ActiveCfg = Release|ARM
		{23928727-EE58-4E1E-9EFE-66EF2E1B804D}.AppStore|ARM.Build.0 = Release|ARM
		{23928727-EE58-4E1E-9EFE-66EF2E1B804D}.AppStore|iPhone.ActiveCfg = Release|Any CPU
		{23928727-EE58-4E1E-9EFE-66EF2E1B804D}.AppStore|iPhone.Build.0 = Release|Any CPU
		{23928727-EE58-4E1E-9EFE-66EF2E1B804D}.AppStore|iPhoneSimulator.ActiveCfg = Release|Any CPU
		{23928727-EE58-4E1E-9EFE-66EF2E1B804D}.AppStore|iPhoneSimulator.Build.0 = Release|Any CPU
		{23928727-EE58-4E1E-9EFE-66EF2E1B804D}.AppStore|x64.ActiveCfg = Release|x64
		{23928727-EE58-4E1E-9EFE-66EF2E1B804D}.AppStore|x64.Build.0 = Release|x64
		{23928727-EE58-4E1E-9EFE-66EF2E1B804D}.AppStore|x86.ActiveCfg = Release|x86
		{23928727-EE58-4E1E-9EFE-66EF2E1B804D}.AppStore|x86.Build.0 = Release|x86
		{23928727-EE58-4E1E-9EFE-66EF2E1B804D}.Debug|Any CPU.ActiveCfg = Debug|Any CPU
		{23928727-EE58-4E1E-9EFE-66EF2E1B804D}.Debug|Any CPU.Build.0 = Debug|Any CPU
		{23928727-EE58-4E1E-9EFE-66EF2E1B804D}.Debug|ARM.ActiveCfg = Debug|ARM
		{23928727-EE58-4E1E-9EFE-66EF2E1B804D}.Debug|ARM.Build.0 = Debug|ARM
		{23928727-EE58-4E1E-9EFE-66EF2E1B804D}.Debug|iPhone.ActiveCfg = Debug|Any CPU
		{23928727-EE58-4E1E-9EFE-66EF2E1B804D}.Debug|iPhone.Build.0 = Debug|Any CPU
		{23928727-EE58-4E1E-9EFE-66EF2E1B804D}.Debug|iPhoneSimulator.ActiveCfg = Debug|Any CPU
		{23928727-EE58-4E1E-9EFE-66EF2E1B804D}.Debug|iPhoneSimulator.Build.0 = Debug|Any CPU
		{23928727-EE58-4E1E-9EFE-66EF2E1B804D}.Debug|x64.ActiveCfg = Debug|x64
		{23928727-EE58-4E1E-9EFE-66EF2E1B804D}.Debug|x64.Build.0 = Debug|x64
		{23928727-EE58-4E1E-9EFE-66EF2E1B804D}.Debug|x86.ActiveCfg = Debug|x86
		{23928727-EE58-4E1E-9EFE-66EF2E1B804D}.Debug|x86.Build.0 = Debug|x86
		{23928727-EE58-4E1E-9EFE-66EF2E1B804D}.Release|Any CPU.ActiveCfg = Release|Any CPU
		{23928727-EE58-4E1E-9EFE-66EF2E1B804D}.Release|Any CPU.Build.0 = Release|Any CPU
		{23928727-EE58-4E1E-9EFE-66EF2E1B804D}.Release|ARM.ActiveCfg = Release|ARM
		{23928727-EE58-4E1E-9EFE-66EF2E1B804D}.Release|ARM.Build.0 = Release|ARM
		{23928727-EE58-4E1E-9EFE-66EF2E1B804D}.Release|iPhone.ActiveCfg = Release|Any CPU
		{23928727-EE58-4E1E-9EFE-66EF2E1B804D}.Release|iPhone.Build.0 = Release|Any CPU
		{23928727-EE58-4E1E-9EFE-66EF2E1B804D}.Release|iPhoneSimulator.ActiveCfg = Release|Any CPU
		{23928727-EE58-4E1E-9EFE-66EF2E1B804D}.Release|iPhoneSimulator.Build.0 = Release|Any CPU
		{23928727-EE58-4E1E-9EFE-66EF2E1B804D}.Release|x64.ActiveCfg = Release|x64
		{23928727-EE58-4E1E-9EFE-66EF2E1B804D}.Release|x64.Build.0 = Release|x64
		{23928727-EE58-4E1E-9EFE-66EF2E1B804D}.Release|x86.ActiveCfg = Release|x86
		{23928727-EE58-4E1E-9EFE-66EF2E1B804D}.Release|x86.Build.0 = Release|x86
		{940E814A-F5CB-4AEB-A29A-5F92EFCA2417}.Ad-Hoc|Any CPU.ActiveCfg = Release|Any CPU
		{940E814A-F5CB-4AEB-A29A-5F92EFCA2417}.Ad-Hoc|Any CPU.Build.0 = Release|Any CPU
		{940E814A-F5CB-4AEB-A29A-5F92EFCA2417}.Ad-Hoc|ARM.ActiveCfg = Release|Any CPU
		{940E814A-F5CB-4AEB-A29A-5F92EFCA2417}.Ad-Hoc|ARM.Build.0 = Release|Any CPU
		{940E814A-F5CB-4AEB-A29A-5F92EFCA2417}.Ad-Hoc|iPhone.ActiveCfg = Release|Any CPU
		{940E814A-F5CB-4AEB-A29A-5F92EFCA2417}.Ad-Hoc|iPhone.Build.0 = Release|Any CPU
		{940E814A-F5CB-4AEB-A29A-5F92EFCA2417}.Ad-Hoc|iPhoneSimulator.ActiveCfg = Release|Any CPU
		{940E814A-F5CB-4AEB-A29A-5F92EFCA2417}.Ad-Hoc|iPhoneSimulator.Build.0 = Release|Any CPU
		{940E814A-F5CB-4AEB-A29A-5F92EFCA2417}.Ad-Hoc|x64.ActiveCfg = Release|Any CPU
		{940E814A-F5CB-4AEB-A29A-5F92EFCA2417}.Ad-Hoc|x64.Build.0 = Release|Any CPU
		{940E814A-F5CB-4AEB-A29A-5F92EFCA2417}.Ad-Hoc|x86.ActiveCfg = Release|Any CPU
		{940E814A-F5CB-4AEB-A29A-5F92EFCA2417}.Ad-Hoc|x86.Build.0 = Release|Any CPU
		{940E814A-F5CB-4AEB-A29A-5F92EFCA2417}.AppStore|Any CPU.ActiveCfg = Release|Any CPU
		{940E814A-F5CB-4AEB-A29A-5F92EFCA2417}.AppStore|Any CPU.Build.0 = Release|Any CPU
		{940E814A-F5CB-4AEB-A29A-5F92EFCA2417}.AppStore|ARM.ActiveCfg = Release|Any CPU
		{940E814A-F5CB-4AEB-A29A-5F92EFCA2417}.AppStore|ARM.Build.0 = Release|Any CPU
		{940E814A-F5CB-4AEB-A29A-5F92EFCA2417}.AppStore|iPhone.ActiveCfg = Release|Any CPU
		{940E814A-F5CB-4AEB-A29A-5F92EFCA2417}.AppStore|iPhone.Build.0 = Release|Any CPU
		{940E814A-F5CB-4AEB-A29A-5F92EFCA2417}.AppStore|iPhoneSimulator.ActiveCfg = Release|Any CPU
		{940E814A-F5CB-4AEB-A29A-5F92EFCA2417}.AppStore|iPhoneSimulator.Build.0 = Release|Any CPU
		{940E814A-F5CB-4AEB-A29A-5F92EFCA2417}.AppStore|x64.ActiveCfg = Release|Any CPU
		{940E814A-F5CB-4AEB-A29A-5F92EFCA2417}.AppStore|x64.Build.0 = Release|Any CPU
		{940E814A-F5CB-4AEB-A29A-5F92EFCA2417}.AppStore|x86.ActiveCfg = Release|Any CPU
		{940E814A-F5CB-4AEB-A29A-5F92EFCA2417}.AppStore|x86.Build.0 = Release|Any CPU
		{940E814A-F5CB-4AEB-A29A-5F92EFCA2417}.Debug|Any CPU.ActiveCfg = Debug|Any CPU
		{940E814A-F5CB-4AEB-A29A-5F92EFCA2417}.Debug|Any CPU.Build.0 = Debug|Any CPU
		{940E814A-F5CB-4AEB-A29A-5F92EFCA2417}.Debug|ARM.ActiveCfg = Debug|Any CPU
		{940E814A-F5CB-4AEB-A29A-5F92EFCA2417}.Debug|ARM.Build.0 = Debug|Any CPU
		{940E814A-F5CB-4AEB-A29A-5F92EFCA2417}.Debug|iPhone.ActiveCfg = Debug|Any CPU
		{940E814A-F5CB-4AEB-A29A-5F92EFCA2417}.Debug|iPhone.Build.0 = Debug|Any CPU
		{940E814A-F5CB-4AEB-A29A-5F92EFCA2417}.Debug|iPhoneSimulator.ActiveCfg = Debug|Any CPU
		{940E814A-F5CB-4AEB-A29A-5F92EFCA2417}.Debug|iPhoneSimulator.Build.0 = Debug|Any CPU
		{940E814A-F5CB-4AEB-A29A-5F92EFCA2417}.Debug|x64.ActiveCfg = Debug|Any CPU
		{940E814A-F5CB-4AEB-A29A-5F92EFCA2417}.Debug|x64.Build.0 = Debug|Any CPU
		{940E814A-F5CB-4AEB-A29A-5F92EFCA2417}.Debug|x86.ActiveCfg = Debug|Any CPU
		{940E814A-F5CB-4AEB-A29A-5F92EFCA2417}.Debug|x86.Build.0 = Debug|Any CPU
		{940E814A-F5CB-4AEB-A29A-5F92EFCA2417}.Release|Any CPU.ActiveCfg = Release|Any CPU
		{940E814A-F5CB-4AEB-A29A-5F92EFCA2417}.Release|Any CPU.Build.0 = Release|Any CPU
		{940E814A-F5CB-4AEB-A29A-5F92EFCA2417}.Release|ARM.ActiveCfg = Release|Any CPU
		{940E814A-F5CB-4AEB-A29A-5F92EFCA2417}.Release|ARM.Build.0 = Release|Any CPU
		{940E814A-F5CB-4AEB-A29A-5F92EFCA2417}.Release|iPhone.ActiveCfg = Release|Any CPU
		{940E814A-F5CB-4AEB-A29A-5F92EFCA2417}.Release|iPhone.Build.0 = Release|Any CPU
		{940E814A-F5CB-4AEB-A29A-5F92EFCA2417}.Release|iPhoneSimulator.ActiveCfg = Release|Any CPU
		{940E814A-F5CB-4AEB-A29A-5F92EFCA2417}.Release|iPhoneSimulator.Build.0 = Release|Any CPU
		{940E814A-F5CB-4AEB-A29A-5F92EFCA2417}.Release|x64.ActiveCfg = Release|Any CPU
		{940E814A-F5CB-4AEB-A29A-5F92EFCA2417}.Release|x64.Build.0 = Release|Any CPU
		{940E814A-F5CB-4AEB-A29A-5F92EFCA2417}.Release|x86.ActiveCfg = Release|Any CPU
		{940E814A-F5CB-4AEB-A29A-5F92EFCA2417}.Release|x86.Build.0 = Release|Any CPU
		{B43036FC-6279-492B-8CB4-FF1BF4606C45}.Ad-Hoc|Any CPU.ActiveCfg = Release|x86
		{B43036FC-6279-492B-8CB4-FF1BF4606C45}.Ad-Hoc|Any CPU.Build.0 = Release|x86
		{B43036FC-6279-492B-8CB4-FF1BF4606C45}.Ad-Hoc|Any CPU.Deploy.0 = Release|x86
		{B43036FC-6279-492B-8CB4-FF1BF4606C45}.Ad-Hoc|ARM.ActiveCfg = Release|ARM
		{B43036FC-6279-492B-8CB4-FF1BF4606C45}.Ad-Hoc|ARM.Build.0 = Release|ARM
		{B43036FC-6279-492B-8CB4-FF1BF4606C45}.Ad-Hoc|ARM.Deploy.0 = Release|ARM
		{B43036FC-6279-492B-8CB4-FF1BF4606C45}.Ad-Hoc|iPhone.ActiveCfg = Release|x86
		{B43036FC-6279-492B-8CB4-FF1BF4606C45}.Ad-Hoc|iPhone.Build.0 = Release|x86
		{B43036FC-6279-492B-8CB4-FF1BF4606C45}.Ad-Hoc|iPhone.Deploy.0 = Release|x86
		{B43036FC-6279-492B-8CB4-FF1BF4606C45}.Ad-Hoc|iPhoneSimulator.ActiveCfg = Release|x86
		{B43036FC-6279-492B-8CB4-FF1BF4606C45}.Ad-Hoc|iPhoneSimulator.Build.0 = Release|x86
		{B43036FC-6279-492B-8CB4-FF1BF4606C45}.Ad-Hoc|iPhoneSimulator.Deploy.0 = Release|x86
		{B43036FC-6279-492B-8CB4-FF1BF4606C45}.Ad-Hoc|x64.ActiveCfg = Release|x64
		{B43036FC-6279-492B-8CB4-FF1BF4606C45}.Ad-Hoc|x64.Build.0 = Release|x64
		{B43036FC-6279-492B-8CB4-FF1BF4606C45}.Ad-Hoc|x64.Deploy.0 = Release|x64
		{B43036FC-6279-492B-8CB4-FF1BF4606C45}.Ad-Hoc|x86.ActiveCfg = Release|x86
		{B43036FC-6279-492B-8CB4-FF1BF4606C45}.Ad-Hoc|x86.Build.0 = Release|x86
		{B43036FC-6279-492B-8CB4-FF1BF4606C45}.Ad-Hoc|x86.Deploy.0 = Release|x86
		{B43036FC-6279-492B-8CB4-FF1BF4606C45}.AppStore|Any CPU.ActiveCfg = Release|x86
		{B43036FC-6279-492B-8CB4-FF1BF4606C45}.AppStore|Any CPU.Build.0 = Release|x86
		{B43036FC-6279-492B-8CB4-FF1BF4606C45}.AppStore|Any CPU.Deploy.0 = Release|x86
		{B43036FC-6279-492B-8CB4-FF1BF4606C45}.AppStore|ARM.ActiveCfg = Release|ARM
		{B43036FC-6279-492B-8CB4-FF1BF4606C45}.AppStore|ARM.Build.0 = Release|ARM
		{B43036FC-6279-492B-8CB4-FF1BF4606C45}.AppStore|ARM.Deploy.0 = Release|ARM
		{B43036FC-6279-492B-8CB4-FF1BF4606C45}.AppStore|iPhone.ActiveCfg = Release|x86
		{B43036FC-6279-492B-8CB4-FF1BF4606C45}.AppStore|iPhone.Build.0 = Release|x86
		{B43036FC-6279-492B-8CB4-FF1BF4606C45}.AppStore|iPhone.Deploy.0 = Release|x86
		{B43036FC-6279-492B-8CB4-FF1BF4606C45}.AppStore|iPhoneSimulator.ActiveCfg = Release|x86
		{B43036FC-6279-492B-8CB4-FF1BF4606C45}.AppStore|iPhoneSimulator.Build.0 = Release|x86
		{B43036FC-6279-492B-8CB4-FF1BF4606C45}.AppStore|iPhoneSimulator.Deploy.0 = Release|x86
		{B43036FC-6279-492B-8CB4-FF1BF4606C45}.AppStore|x64.ActiveCfg = Release|x64
		{B43036FC-6279-492B-8CB4-FF1BF4606C45}.AppStore|x64.Build.0 = Release|x64
		{B43036FC-6279-492B-8CB4-FF1BF4606C45}.AppStore|x64.Deploy.0 = Release|x64
		{B43036FC-6279-492B-8CB4-FF1BF4606C45}.AppStore|x86.ActiveCfg = Release|x86
		{B43036FC-6279-492B-8CB4-FF1BF4606C45}.AppStore|x86.Build.0 = Release|x86
		{B43036FC-6279-492B-8CB4-FF1BF4606C45}.AppStore|x86.Deploy.0 = Release|x86
		{B43036FC-6279-492B-8CB4-FF1BF4606C45}.Debug|Any CPU.ActiveCfg = Debug|x86
		{B43036FC-6279-492B-8CB4-FF1BF4606C45}.Debug|ARM.ActiveCfg = Debug|ARM
		{B43036FC-6279-492B-8CB4-FF1BF4606C45}.Debug|ARM.Build.0 = Debug|ARM
		{B43036FC-6279-492B-8CB4-FF1BF4606C45}.Debug|ARM.Deploy.0 = Debug|ARM
		{B43036FC-6279-492B-8CB4-FF1BF4606C45}.Debug|iPhone.ActiveCfg = Debug|x86
		{B43036FC-6279-492B-8CB4-FF1BF4606C45}.Debug|iPhoneSimulator.ActiveCfg = Debug|x86
		{B43036FC-6279-492B-8CB4-FF1BF4606C45}.Debug|x64.ActiveCfg = Debug|x64
		{B43036FC-6279-492B-8CB4-FF1BF4606C45}.Debug|x64.Build.0 = Debug|x64
		{B43036FC-6279-492B-8CB4-FF1BF4606C45}.Debug|x64.Deploy.0 = Debug|x64
		{B43036FC-6279-492B-8CB4-FF1BF4606C45}.Debug|x86.ActiveCfg = Debug|x86
		{B43036FC-6279-492B-8CB4-FF1BF4606C45}.Debug|x86.Build.0 = Debug|x86
		{B43036FC-6279-492B-8CB4-FF1BF4606C45}.Debug|x86.Deploy.0 = Debug|x86
		{B43036FC-6279-492B-8CB4-FF1BF4606C45}.Release|Any CPU.ActiveCfg = Release|x86
		{B43036FC-6279-492B-8CB4-FF1BF4606C45}.Release|ARM.ActiveCfg = Release|ARM
		{B43036FC-6279-492B-8CB4-FF1BF4606C45}.Release|ARM.Build.0 = Release|ARM
		{B43036FC-6279-492B-8CB4-FF1BF4606C45}.Release|ARM.Deploy.0 = Release|ARM
		{B43036FC-6279-492B-8CB4-FF1BF4606C45}.Release|iPhone.ActiveCfg = Release|x86
		{B43036FC-6279-492B-8CB4-FF1BF4606C45}.Release|iPhoneSimulator.ActiveCfg = Release|x86
		{B43036FC-6279-492B-8CB4-FF1BF4606C45}.Release|x64.ActiveCfg = Release|x64
		{B43036FC-6279-492B-8CB4-FF1BF4606C45}.Release|x64.Build.0 = Release|x64
		{B43036FC-6279-492B-8CB4-FF1BF4606C45}.Release|x64.Deploy.0 = Release|x64
		{B43036FC-6279-492B-8CB4-FF1BF4606C45}.Release|x86.ActiveCfg = Release|x86
		{B43036FC-6279-492B-8CB4-FF1BF4606C45}.Release|x86.Build.0 = Release|x86
		{B43036FC-6279-492B-8CB4-FF1BF4606C45}.Release|x86.Deploy.0 = Release|x86
	EndGlobalSection
	GlobalSection(SolutionProperties) = preSolution
		HideSolutionNode = FALSE
	EndGlobalSection
	GlobalSection(NestedProjects) = preSolution
		{8681EDC8-C9DA-495A-BF74-6EF3E47FD266} = {F9C6C9FB-23A7-452C-B311-C82B09B7A39F}
		{5022D09E-CE72-4E20-A86A-36CCA041DF7B} = {F9C6C9FB-23A7-452C-B311-C82B09B7A39F}
		{806DF529-0550-466C-9D9E-57B93C32830E} = {F9C6C9FB-23A7-452C-B311-C82B09B7A39F}
		{3586BA45-E4CD-4607-8588-A1477F611E07} = {F9C6C9FB-23A7-452C-B311-C82B09B7A39F}
		{37505816-C0C4-4D4A-AA9E-9A1B6E0E36E5} = {F9C6C9FB-23A7-452C-B311-C82B09B7A39F}
		{23928727-EE58-4E1E-9EFE-66EF2E1B804D} = {C673FB79-E4B7-4D67-BE95-52CCB2352FCE}
		{940E814A-F5CB-4AEB-A29A-5F92EFCA2417} = {F9C6C9FB-23A7-452C-B311-C82B09B7A39F}
		{B43036FC-6279-492B-8CB4-FF1BF4606C45} = {F9C6C9FB-23A7-452C-B311-C82B09B7A39F}
	EndGlobalSection
EndGlobal
