
Microsoft Visual Studio Solution File, Format Version 12.00
# Visual Studio 14
VisualStudioVersion = 14.0.24720.0
MinimumVisualStudioVersion = 10.0.40219.1
Project("{FAE04EC0-301F-11D3-BF4B-00C04F79EFBC}") = "HttpLibrary.Net", "src\HttpLibrary.Net\HttpLibrary.Net.csproj", "{67F9D3A8-F71E-4428-913F-C37AE82CDB24}"
EndProject
Project("{2150E333-8FDC-42A3-9474-1A3956D46DE8}") = "Platforms", "Platforms", "{C673FB79-E4B7-4D67-BE95-52CCB2352FCE}"
EndProject
Project("{2150E333-8FDC-42A3-9474-1A3956D46DE8}") = "Examples", "Examples", "{F9C6C9FB-23A7-452C-B311-C82B09B7A39F}"
EndProject
Project("{FAE04EC0-301F-11D3-BF4B-00C04F79EFBC}") = "HttpLibraryUWPTest", "examples\HttpLibraryUWPTest\HttpLibraryUWPTest.csproj", "{8681EDC8-C9DA-495A-BF74-6EF3E47FD266}"
EndProject
Project("{FAE04EC0-301F-11D3-BF4B-00C04F79EFBC}") = "HttpLibrary.Platform.UWP", "src\HttpLibrary.Platform.UWP\HttpLibrary.Platform.UWP.csproj", "{23928727-EE58-4E1E-9EFE-66EF2E1B804D}"
EndProject
Project("{FAE04EC0-301F-11D3-BF4B-00C04F79EFBC}") = "HttpLibraryXamarinTest.Droid", "examples\HttpLibraryXamarinTest\HLibXTest.Droid\HttpLibraryXamarinTest.Droid.csproj", "{01DC4615-9C53-4576-81BC-75FA4F969388}"
EndProject
Project("{FAE04EC0-301F-11D3-BF4B-00C04F79EFBC}") = "HttpLibraryXamarinTest.iOS", "examples\HttpLibraryXamarinTest\HttpLibraryXamarinTest.iOS\HttpLibraryXamarinTest.iOS.csproj", "{538B2FC6-12BA-4744-B5B6-6511654FB711}"
EndProject
Project("{FAE04EC0-301F-11D3-BF4B-00C04F79EFBC}") = "HttpLibraryXamarinTest.WinPhone", "examples\HttpLibraryXamarinTest\HttpLibraryXamarinTest.WinPhone\HttpLibraryXamarinTest.WinPhone.csproj", "{A62A007C-A6E4-490D-850D-6D89C9C95F7F}"
EndProject
Project("{FAE04EC0-301F-11D3-BF4B-00C04F79EFBC}") = "HttpLibraryXamarinTest.UWP", "examples\HttpLibraryXamarinTest\HttpLibraryXamarinTest.UWP\HttpLibraryXamarinTest.UWP.csproj", "{2A7948B4-CF26-418A-89A9-6BE5EEC60799}"
EndProject
Project("{FAE04EC0-301F-11D3-BF4B-00C04F79EFBC}") = "HttpLibraryXamarinTest.Windows", "examples\HttpLibraryXamarinTest\HttpLibraryXamarinTest.Windows\HttpLibraryXamarinTest.Windows.csproj", "{63F99A1E-5798-475B-B448-27D9B29BD906}"
EndProject
Project("{FAE04EC0-301F-11D3-BF4B-00C04F79EFBC}") = "HttpLibraryXamarinTest", "examples\HttpLibraryXamarinTest\HttpLibraryXamarinTest\HttpLibraryXamarinTest.csproj", "{A9497183-167D-46DD-91F7-35EE313678C5}"
EndProject
Project("{FAE04EC0-301F-11D3-BF4B-00C04F79EFBC}") = "HttpLibrary.Platform.Win32", "src\HttpLibrary.Platform.Win32\HttpLibrary.Platform.Win32.csproj", "{44D5400F-02BE-4B8E-840E-CC4A4C112C33}"
EndProject
Project("{FAE04EC0-301F-11D3-BF4B-00C04F79EFBC}") = "HttpLibraryWin32Test", "examples\HttpLibraryWin32Test\HttpLibraryWin32Test.csproj", "{84364106-78F5-48EC-8060-A2D9781C2243}"
EndProject
Project("{FAE04EC0-301F-11D3-BF4B-00C04F79EFBC}") = "HttpLibrary.Platform.Android", "src\HttpLibrary.Platform.Android\HttpLibrary.Platform.Android.csproj", "{0968C421-81A1-4FC3-9235-C3E03E853E7C}"
EndProject
Project("{FAE04EC0-301F-11D3-BF4B-00C04F79EFBC}") = "HttpLibrary.Platform.iOS", "src\HttpLibrary.Platform.iOS\HttpLibrary.Platform.iOS.csproj", "{EA2E3B9A-ED28-4619-813B-88A4A21AC98C}"
EndProject
Project("{FAE04EC0-301F-11D3-BF4B-00C04F79EFBC}") = "HttpLibrary.Platform.Win8.1", "src\HttpLibrary.Platform.Win8.1\HttpLibrary.Platform.Win8.1.csproj", "{7A9C0883-22C0-4D1D-98FB-A9E1CA74672F}"
EndProject
Project("{2150E333-8FDC-42A3-9474-1A3956D46DE8}") = ".nuget", ".nuget", "{A6CA752B-BFAB-4281-A043-B0DC2FDDC5A7}"
	ProjectSection(SolutionItems) = preProject
		.nuget\NuGet.Config = .nuget\NuGet.Config
		.nuget\NuGet.exe = .nuget\NuGet.exe
		.nuget\NuGet.targets = .nuget\NuGet.targets
	EndProjectSection
EndProject
Global
	GlobalSection(SolutionConfigurationPlatforms) = preSolution
		Ad-Hoc|Any CPU = Ad-Hoc|Any CPU
		Ad-Hoc|ARM = Ad-Hoc|ARM
		Ad-Hoc|iPhone = Ad-Hoc|iPhone
		Ad-Hoc|iPhoneSimulator = Ad-Hoc|iPhoneSimulator
		Ad-Hoc|x64 = Ad-Hoc|x64
		Ad-Hoc|x86 = Ad-Hoc|x86
		AppStore|Any CPU = AppStore|Any CPU
		AppStore|ARM = AppStore|ARM
		AppStore|iPhone = AppStore|iPhone
		AppStore|iPhoneSimulator = AppStore|iPhoneSimulator
		AppStore|x64 = AppStore|x64
		AppStore|x86 = AppStore|x86
		Debug|Any CPU = Debug|Any CPU
		Debug|ARM = Debug|ARM
		Debug|iPhone = Debug|iPhone
		Debug|iPhoneSimulator = Debug|iPhoneSimulator
		Debug|x64 = Debug|x64
		Debug|x86 = Debug|x86
		Release|Any CPU = Release|Any CPU
		Release|ARM = Release|ARM
		Release|iPhone = Release|iPhone
		Release|iPhoneSimulator = Release|iPhoneSimulator
		Release|x64 = Release|x64
		Release|x86 = Release|x86
	EndGlobalSection
	GlobalSection(ProjectConfigurationPlatforms) = postSolution
		{67F9D3A8-F71E-4428-913F-C37AE82CDB24}.Ad-Hoc|Any CPU.ActiveCfg = Release|Any CPU
		{67F9D3A8-F71E-4428-913F-C37AE82CDB24}.Ad-Hoc|Any CPU.Build.0 = Release|Any CPU
		{67F9D3A8-F71E-4428-913F-C37AE82CDB24}.Ad-Hoc|ARM.ActiveCfg = Release|Any CPU
		{67F9D3A8-F71E-4428-913F-C37AE82CDB24}.Ad-Hoc|ARM.Build.0 = Release|Any CPU
		{67F9D3A8-F71E-4428-913F-C37AE82CDB24}.Ad-Hoc|iPhone.ActiveCfg = Release|Any CPU
		{67F9D3A8-F71E-4428-913F-C37AE82CDB24}.Ad-Hoc|iPhone.Build.0 = Release|Any CPU
		{67F9D3A8-F71E-4428-913F-C37AE82CDB24}.Ad-Hoc|iPhoneSimulator.ActiveCfg = Release|Any CPU
		{67F9D3A8-F71E-4428-913F-C37AE82CDB24}.Ad-Hoc|iPhoneSimulator.Build.0 = Release|Any CPU
		{67F9D3A8-F71E-4428-913F-C37AE82CDB24}.Ad-Hoc|x64.ActiveCfg = Release|Any CPU
		{67F9D3A8-F71E-4428-913F-C37AE82CDB24}.Ad-Hoc|x64.Build.0 = Release|Any CPU
		{67F9D3A8-F71E-4428-913F-C37AE82CDB24}.Ad-Hoc|x86.ActiveCfg = Release|Any CPU
		{67F9D3A8-F71E-4428-913F-C37AE82CDB24}.Ad-Hoc|x86.Build.0 = Release|Any CPU
		{67F9D3A8-F71E-4428-913F-C37AE82CDB24}.AppStore|Any CPU.ActiveCfg = Release|Any CPU
		{67F9D3A8-F71E-4428-913F-C37AE82CDB24}.AppStore|Any CPU.Build.0 = Release|Any CPU
		{67F9D3A8-F71E-4428-913F-C37AE82CDB24}.AppStore|ARM.ActiveCfg = Release|Any CPU
		{67F9D3A8-F71E-4428-913F-C37AE82CDB24}.AppStore|ARM.Build.0 = Release|Any CPU
		{67F9D3A8-F71E-4428-913F-C37AE82CDB24}.AppStore|iPhone.ActiveCfg = Release|Any CPU
		{67F9D3A8-F71E-4428-913F-C37AE82CDB24}.AppStore|iPhone.Build.0 = Release|Any CPU
		{67F9D3A8-F71E-4428-913F-C37AE82CDB24}.AppStore|iPhoneSimulator.ActiveCfg = Release|Any CPU
		{67F9D3A8-F71E-4428-913F-C37AE82CDB24}.AppStore|iPhoneSimulator.Build.0 = Release|Any CPU
		{67F9D3A8-F71E-4428-913F-C37AE82CDB24}.AppStore|x64.ActiveCfg = Release|Any CPU
		{67F9D3A8-F71E-4428-913F-C37AE82CDB24}.AppStore|x64.Build.0 = Release|Any CPU
		{67F9D3A8-F71E-4428-913F-C37AE82CDB24}.AppStore|x86.ActiveCfg = Release|Any CPU
		{67F9D3A8-F71E-4428-913F-C37AE82CDB24}.AppStore|x86.Build.0 = Release|Any CPU
		{67F9D3A8-F71E-4428-913F-C37AE82CDB24}.Debug|Any CPU.ActiveCfg = Debug|Any CPU
		{67F9D3A8-F71E-4428-913F-C37AE82CDB24}.Debug|Any CPU.Build.0 = Debug|Any CPU
		{67F9D3A8-F71E-4428-913F-C37AE82CDB24}.Debug|ARM.ActiveCfg = Debug|Any CPU
		{67F9D3A8-F71E-4428-913F-C37AE82CDB24}.Debug|ARM.Build.0 = Debug|Any CPU
		{67F9D3A8-F71E-4428-913F-C37AE82CDB24}.Debug|iPhone.ActiveCfg = Debug|Any CPU
		{67F9D3A8-F71E-4428-913F-C37AE82CDB24}.Debug|iPhone.Build.0 = Debug|Any CPU
		{67F9D3A8-F71E-4428-913F-C37AE82CDB24}.Debug|iPhoneSimulator.ActiveCfg = Debug|Any CPU
		{67F9D3A8-F71E-4428-913F-C37AE82CDB24}.Debug|iPhoneSimulator.Build.0 = Debug|Any CPU
		{67F9D3A8-F71E-4428-913F-C37AE82CDB24}.Debug|x64.ActiveCfg = Debug|Any CPU
		{67F9D3A8-F71E-4428-913F-C37AE82CDB24}.Debug|x64.Build.0 = Debug|Any CPU
		{67F9D3A8-F71E-4428-913F-C37AE82CDB24}.Debug|x86.ActiveCfg = Debug|Any CPU
		{67F9D3A8-F71E-4428-913F-C37AE82CDB24}.Debug|x86.Build.0 = Debug|Any CPU
		{67F9D3A8-F71E-4428-913F-C37AE82CDB24}.Release|Any CPU.ActiveCfg = Release|Any CPU
		{67F9D3A8-F71E-4428-913F-C37AE82CDB24}.Release|Any CPU.Build.0 = Release|Any CPU
		{67F9D3A8-F71E-4428-913F-C37AE82CDB24}.Release|ARM.ActiveCfg = Release|Any CPU
		{67F9D3A8-F71E-4428-913F-C37AE82CDB24}.Release|ARM.Build.0 = Release|Any CPU
		{67F9D3A8-F71E-4428-913F-C37AE82CDB24}.Release|iPhone.ActiveCfg = Release|Any CPU
		{67F9D3A8-F71E-4428-913F-C37AE82CDB24}.Release|iPhone.Build.0 = Release|Any CPU
		{67F9D3A8-F71E-4428-913F-C37AE82CDB24}.Release|iPhoneSimulator.ActiveCfg = Release|Any CPU
		{67F9D3A8-F71E-4428-913F-C37AE82CDB24}.Release|iPhoneSimulator.Build.0 = Release|Any CPU
		{67F9D3A8-F71E-4428-913F-C37AE82CDB24}.Release|x64.ActiveCfg = Release|Any CPU
		{67F9D3A8-F71E-4428-913F-C37AE82CDB24}.Release|x64.Build.0 = Release|Any CPU
		{67F9D3A8-F71E-4428-913F-C37AE82CDB24}.Release|x86.ActiveCfg = Release|Any CPU
		{67F9D3A8-F71E-4428-913F-C37AE82CDB24}.Release|x86.Build.0 = Release|Any CPU
		{8681EDC8-C9DA-495A-BF74-6EF3E47FD266}.Ad-Hoc|Any CPU.ActiveCfg = Release|x64
		{8681EDC8-C9DA-495A-BF74-6EF3E47FD266}.Ad-Hoc|Any CPU.Build.0 = Release|x64
		{8681EDC8-C9DA-495A-BF74-6EF3E47FD266}.Ad-Hoc|Any CPU.Deploy.0 = Release|x64
		{8681EDC8-C9DA-495A-BF74-6EF3E47FD266}.Ad-Hoc|ARM.ActiveCfg = Release|ARM
		{8681EDC8-C9DA-495A-BF74-6EF3E47FD266}.Ad-Hoc|ARM.Build.0 = Release|ARM
		{8681EDC8-C9DA-495A-BF74-6EF3E47FD266}.Ad-Hoc|ARM.Deploy.0 = Release|ARM
		{8681EDC8-C9DA-495A-BF74-6EF3E47FD266}.Ad-Hoc|iPhone.ActiveCfg = Release|x64
		{8681EDC8-C9DA-495A-BF74-6EF3E47FD266}.Ad-Hoc|iPhone.Build.0 = Release|x64
		{8681EDC8-C9DA-495A-BF74-6EF3E47FD266}.Ad-Hoc|iPhone.Deploy.0 = Release|x64
		{8681EDC8-C9DA-495A-BF74-6EF3E47FD266}.Ad-Hoc|iPhoneSimulator.ActiveCfg = Release|x64
		{8681EDC8-C9DA-495A-BF74-6EF3E47FD266}.Ad-Hoc|iPhoneSimulator.Build.0 = Release|x64
		{8681EDC8-C9DA-495A-BF74-6EF3E47FD266}.Ad-Hoc|iPhoneSimulator.Deploy.0 = Release|x64
		{8681EDC8-C9DA-495A-BF74-6EF3E47FD266}.Ad-Hoc|x64.ActiveCfg = Release|x64
		{8681EDC8-C9DA-495A-BF74-6EF3E47FD266}.Ad-Hoc|x64.Build.0 = Release|x64
		{8681EDC8-C9DA-495A-BF74-6EF3E47FD266}.Ad-Hoc|x64.Deploy.0 = Release|x64
		{8681EDC8-C9DA-495A-BF74-6EF3E47FD266}.Ad-Hoc|x86.ActiveCfg = Release|x86
		{8681EDC8-C9DA-495A-BF74-6EF3E47FD266}.Ad-Hoc|x86.Build.0 = Release|x86
		{8681EDC8-C9DA-495A-BF74-6EF3E47FD266}.Ad-Hoc|x86.Deploy.0 = Release|x86
		{8681EDC8-C9DA-495A-BF74-6EF3E47FD266}.AppStore|Any CPU.ActiveCfg = Release|x64
		{8681EDC8-C9DA-495A-BF74-6EF3E47FD266}.AppStore|Any CPU.Build.0 = Release|x64
		{8681EDC8-C9DA-495A-BF74-6EF3E47FD266}.AppStore|Any CPU.Deploy.0 = Release|x64
		{8681EDC8-C9DA-495A-BF74-6EF3E47FD266}.AppStore|ARM.ActiveCfg = Release|ARM
		{8681EDC8-C9DA-495A-BF74-6EF3E47FD266}.AppStore|ARM.Build.0 = Release|ARM
		{8681EDC8-C9DA-495A-BF74-6EF3E47FD266}.AppStore|ARM.Deploy.0 = Release|ARM
		{8681EDC8-C9DA-495A-BF74-6EF3E47FD266}.AppStore|iPhone.ActiveCfg = Release|x64
		{8681EDC8-C9DA-495A-BF74-6EF3E47FD266}.AppStore|iPhone.Build.0 = Release|x64
		{8681EDC8-C9DA-495A-BF74-6EF3E47FD266}.AppStore|iPhone.Deploy.0 = Release|x64
		{8681EDC8-C9DA-495A-BF74-6EF3E47FD266}.AppStore|iPhoneSimulator.ActiveCfg = Release|x64
		{8681EDC8-C9DA-495A-BF74-6EF3E47FD266}.AppStore|iPhoneSimulator.Build.0 = Release|x64
		{8681EDC8-C9DA-495A-BF74-6EF3E47FD266}.AppStore|iPhoneSimulator.Deploy.0 = Release|x64
		{8681EDC8-C9DA-495A-BF74-6EF3E47FD266}.AppStore|x64.ActiveCfg = Release|x64
		{8681EDC8-C9DA-495A-BF74-6EF3E47FD266}.AppStore|x64.Build.0 = Release|x64
		{8681EDC8-C9DA-495A-BF74-6EF3E47FD266}.AppStore|x64.Deploy.0 = Release|x64
		{8681EDC8-C9DA-495A-BF74-6EF3E47FD266}.AppStore|x86.ActiveCfg = Release|x86
		{8681EDC8-C9DA-495A-BF74-6EF3E47FD266}.AppStore|x86.Build.0 = Release|x86
		{8681EDC8-C9DA-495A-BF74-6EF3E47FD266}.AppStore|x86.Deploy.0 = Release|x86
		{8681EDC8-C9DA-495A-BF74-6EF3E47FD266}.Debug|Any CPU.ActiveCfg = Debug|x86
		{8681EDC8-C9DA-495A-BF74-6EF3E47FD266}.Debug|ARM.ActiveCfg = Debug|ARM
		{8681EDC8-C9DA-495A-BF74-6EF3E47FD266}.Debug|ARM.Build.0 = Debug|ARM
		{8681EDC8-C9DA-495A-BF74-6EF3E47FD266}.Debug|ARM.Deploy.0 = Debug|ARM
		{8681EDC8-C9DA-495A-BF74-6EF3E47FD266}.Debug|iPhone.ActiveCfg = Debug|x86
		{8681EDC8-C9DA-495A-BF74-6EF3E47FD266}.Debug|iPhoneSimulator.ActiveCfg = Debug|x86
		{8681EDC8-C9DA-495A-BF74-6EF3E47FD266}.Debug|x64.ActiveCfg = Debug|x64
		{8681EDC8-C9DA-495A-BF74-6EF3E47FD266}.Debug|x64.Build.0 = Debug|x64
		{8681EDC8-C9DA-495A-BF74-6EF3E47FD266}.Debug|x64.Deploy.0 = Debug|x64
		{8681EDC8-C9DA-495A-BF74-6EF3E47FD266}.Debug|x86.ActiveCfg = Debug|x86
		{8681EDC8-C9DA-495A-BF74-6EF3E47FD266}.Debug|x86.Build.0 = Debug|x86
		{8681EDC8-C9DA-495A-BF74-6EF3E47FD266}.Debug|x86.Deploy.0 = Debug|x86
		{8681EDC8-C9DA-495A-BF74-6EF3E47FD266}.Release|Any CPU.ActiveCfg = Release|x86
		{8681EDC8-C9DA-495A-BF74-6EF3E47FD266}.Release|ARM.ActiveCfg = Release|ARM
		{8681EDC8-C9DA-495A-BF74-6EF3E47FD266}.Release|ARM.Build.0 = Release|ARM
		{8681EDC8-C9DA-495A-BF74-6EF3E47FD266}.Release|ARM.Deploy.0 = Release|ARM
		{8681EDC8-C9DA-495A-BF74-6EF3E47FD266}.Release|iPhone.ActiveCfg = Release|x86
		{8681EDC8-C9DA-495A-BF74-6EF3E47FD266}.Release|iPhoneSimulator.ActiveCfg = Release|x86
		{8681EDC8-C9DA-495A-BF74-6EF3E47FD266}.Release|x64.ActiveCfg = Release|x64
		{8681EDC8-C9DA-495A-BF74-6EF3E47FD266}.Release|x64.Build.0 = Release|x64
		{8681EDC8-C9DA-495A-BF74-6EF3E47FD266}.Release|x64.Deploy.0 = Release|x64
		{8681EDC8-C9DA-495A-BF74-6EF3E47FD266}.Release|x86.ActiveCfg = Release|x86
		{8681EDC8-C9DA-495A-BF74-6EF3E47FD266}.Release|x86.Build.0 = Release|x86
		{8681EDC8-C9DA-495A-BF74-6EF3E47FD266}.Release|x86.Deploy.0 = Release|x86
		{23928727-EE58-4E1E-9EFE-66EF2E1B804D}.Ad-Hoc|Any CPU.ActiveCfg = Release|Any CPU
		{23928727-EE58-4E1E-9EFE-66EF2E1B804D}.Ad-Hoc|Any CPU.Build.0 = Release|Any CPU
		{23928727-EE58-4E1E-9EFE-66EF2E1B804D}.Ad-Hoc|ARM.ActiveCfg = Release|ARM
		{23928727-EE58-4E1E-9EFE-66EF2E1B804D}.Ad-Hoc|ARM.Build.0 = Release|ARM
		{23928727-EE58-4E1E-9EFE-66EF2E1B804D}.Ad-Hoc|iPhone.ActiveCfg = Release|Any CPU
		{23928727-EE58-4E1E-9EFE-66EF2E1B804D}.Ad-Hoc|iPhone.Build.0 = Release|Any CPU
		{23928727-EE58-4E1E-9EFE-66EF2E1B804D}.Ad-Hoc|iPhoneSimulator.ActiveCfg = Release|Any CPU
		{23928727-EE58-4E1E-9EFE-66EF2E1B804D}.Ad-Hoc|iPhoneSimulator.Build.0 = Release|Any CPU
		{23928727-EE58-4E1E-9EFE-66EF2E1B804D}.Ad-Hoc|x64.ActiveCfg = Release|x64
		{23928727-EE58-4E1E-9EFE-66EF2E1B804D}.Ad-Hoc|x64.Build.0 = Release|x64
		{23928727-EE58-4E1E-9EFE-66EF2E1B804D}.Ad-Hoc|x86.ActiveCfg = Release|x86
		{23928727-EE58-4E1E-9EFE-66EF2E1B804D}.Ad-Hoc|x86.Build.0 = Release|x86
		{23928727-EE58-4E1E-9EFE-66EF2E1B804D}.AppStore|Any CPU.ActiveCfg = Release|Any CPU
		{23928727-EE58-4E1E-9EFE-66EF2E1B804D}.AppStore|Any CPU.Build.0 = Release|Any CPU
		{23928727-EE58-4E1E-9EFE-66EF2E1B804D}.AppStore|ARM.ActiveCfg = Release|ARM
		{23928727-EE58-4E1E-9EFE-66EF2E1B804D}.AppStore|ARM.Build.0 = Release|ARM
		{23928727-EE58-4E1E-9EFE-66EF2E1B804D}.AppStore|iPhone.ActiveCfg = Release|Any CPU
		{23928727-EE58-4E1E-9EFE-66EF2E1B804D}.AppStore|iPhone.Build.0 = Release|Any CPU
		{23928727-EE58-4E1E-9EFE-66EF2E1B804D}.AppStore|iPhoneSimulator.ActiveCfg = Release|Any CPU
		{23928727-EE58-4E1E-9EFE-66EF2E1B804D}.AppStore|iPhoneSimulator.Build.0 = Release|Any CPU
		{23928727-EE58-4E1E-9EFE-66EF2E1B804D}.AppStore|x64.ActiveCfg = Release|x64
		{23928727-EE58-4E1E-9EFE-66EF2E1B804D}.AppStore|x64.Build.0 = Release|x64
		{23928727-EE58-4E1E-9EFE-66EF2E1B804D}.AppStore|x86.ActiveCfg = Release|x86
		{23928727-EE58-4E1E-9EFE-66EF2E1B804D}.AppStore|x86.Build.0 = Release|x86
		{23928727-EE58-4E1E-9EFE-66EF2E1B804D}.Debug|Any CPU.ActiveCfg = Debug|Any CPU
		{23928727-EE58-4E1E-9EFE-66EF2E1B804D}.Debug|Any CPU.Build.0 = Debug|Any CPU
		{23928727-EE58-4E1E-9EFE-66EF2E1B804D}.Debug|ARM.ActiveCfg = Debug|ARM
		{23928727-EE58-4E1E-9EFE-66EF2E1B804D}.Debug|ARM.Build.0 = Debug|ARM
		{23928727-EE58-4E1E-9EFE-66EF2E1B804D}.Debug|iPhone.ActiveCfg = Debug|Any CPU
		{23928727-EE58-4E1E-9EFE-66EF2E1B804D}.Debug|iPhone.Build.0 = Debug|Any CPU
		{23928727-EE58-4E1E-9EFE-66EF2E1B804D}.Debug|iPhoneSimulator.ActiveCfg = Debug|Any CPU
		{23928727-EE58-4E1E-9EFE-66EF2E1B804D}.Debug|iPhoneSimulator.Build.0 = Debug|Any CPU
		{23928727-EE58-4E1E-9EFE-66EF2E1B804D}.Debug|x64.ActiveCfg = Debug|x64
		{23928727-EE58-4E1E-9EFE-66EF2E1B804D}.Debug|x64.Build.0 = Debug|x64
		{23928727-EE58-4E1E-9EFE-66EF2E1B804D}.Debug|x86.ActiveCfg = Debug|x86
		{23928727-EE58-4E1E-9EFE-66EF2E1B804D}.Debug|x86.Build.0 = Debug|x86
		{23928727-EE58-4E1E-9EFE-66EF2E1B804D}.Release|Any CPU.ActiveCfg = Release|Any CPU
		{23928727-EE58-4E1E-9EFE-66EF2E1B804D}.Release|Any CPU.Build.0 = Release|Any CPU
		{23928727-EE58-4E1E-9EFE-66EF2E1B804D}.Release|ARM.ActiveCfg = Release|ARM
		{23928727-EE58-4E1E-9EFE-66EF2E1B804D}.Release|ARM.Build.0 = Release|ARM
		{23928727-EE58-4E1E-9EFE-66EF2E1B804D}.Release|iPhone.ActiveCfg = Release|Any CPU
		{23928727-EE58-4E1E-9EFE-66EF2E1B804D}.Release|iPhone.Build.0 = Release|Any CPU
		{23928727-EE58-4E1E-9EFE-66EF2E1B804D}.Release|iPhoneSimulator.ActiveCfg = Release|Any CPU
		{23928727-EE58-4E1E-9EFE-66EF2E1B804D}.Release|iPhoneSimulator.Build.0 = Release|Any CPU
		{23928727-EE58-4E1E-9EFE-66EF2E1B804D}.Release|x64.ActiveCfg = Release|x64
		{23928727-EE58-4E1E-9EFE-66EF2E1B804D}.Release|x64.Build.0 = Release|x64
		{23928727-EE58-4E1E-9EFE-66EF2E1B804D}.Release|x86.ActiveCfg = Release|x86
		{23928727-EE58-4E1E-9EFE-66EF2E1B804D}.Release|x86.Build.0 = Release|x86
		{01DC4615-9C53-4576-81BC-75FA4F969388}.Ad-Hoc|Any CPU.ActiveCfg = Release|Any CPU
		{01DC4615-9C53-4576-81BC-75FA4F969388}.Ad-Hoc|Any CPU.Build.0 = Release|Any CPU
		{01DC4615-9C53-4576-81BC-75FA4F969388}.Ad-Hoc|Any CPU.Deploy.0 = Release|Any CPU
		{01DC4615-9C53-4576-81BC-75FA4F969388}.Ad-Hoc|ARM.ActiveCfg = Release|Any CPU
		{01DC4615-9C53-4576-81BC-75FA4F969388}.Ad-Hoc|ARM.Build.0 = Release|Any CPU
		{01DC4615-9C53-4576-81BC-75FA4F969388}.Ad-Hoc|ARM.Deploy.0 = Release|Any CPU
		{01DC4615-9C53-4576-81BC-75FA4F969388}.Ad-Hoc|iPhone.ActiveCfg = Release|Any CPU
		{01DC4615-9C53-4576-81BC-75FA4F969388}.Ad-Hoc|iPhone.Build.0 = Release|Any CPU
		{01DC4615-9C53-4576-81BC-75FA4F969388}.Ad-Hoc|iPhone.Deploy.0 = Release|Any CPU
		{01DC4615-9C53-4576-81BC-75FA4F969388}.Ad-Hoc|iPhoneSimulator.ActiveCfg = Release|Any CPU
		{01DC4615-9C53-4576-81BC-75FA4F969388}.Ad-Hoc|iPhoneSimulator.Build.0 = Release|Any CPU
		{01DC4615-9C53-4576-81BC-75FA4F969388}.Ad-Hoc|iPhoneSimulator.Deploy.0 = Release|Any CPU
		{01DC4615-9C53-4576-81BC-75FA4F969388}.Ad-Hoc|x64.ActiveCfg = Release|Any CPU
		{01DC4615-9C53-4576-81BC-75FA4F969388}.Ad-Hoc|x64.Build.0 = Release|Any CPU
		{01DC4615-9C53-4576-81BC-75FA4F969388}.Ad-Hoc|x64.Deploy.0 = Release|Any CPU
		{01DC4615-9C53-4576-81BC-75FA4F969388}.Ad-Hoc|x86.ActiveCfg = Release|Any CPU
		{01DC4615-9C53-4576-81BC-75FA4F969388}.Ad-Hoc|x86.Build.0 = Release|Any CPU
		{01DC4615-9C53-4576-81BC-75FA4F969388}.Ad-Hoc|x86.Deploy.0 = Release|Any CPU
		{01DC4615-9C53-4576-81BC-75FA4F969388}.AppStore|Any CPU.ActiveCfg = Release|Any CPU
		{01DC4615-9C53-4576-81BC-75FA4F969388}.AppStore|Any CPU.Build.0 = Release|Any CPU
		{01DC4615-9C53-4576-81BC-75FA4F969388}.AppStore|Any CPU.Deploy.0 = Release|Any CPU
		{01DC4615-9C53-4576-81BC-75FA4F969388}.AppStore|ARM.ActiveCfg = Release|Any CPU
		{01DC4615-9C53-4576-81BC-75FA4F969388}.AppStore|ARM.Build.0 = Release|Any CPU
		{01DC4615-9C53-4576-81BC-75FA4F969388}.AppStore|ARM.Deploy.0 = Release|Any CPU
		{01DC4615-9C53-4576-81BC-75FA4F969388}.AppStore|iPhone.ActiveCfg = Release|Any CPU
		{01DC4615-9C53-4576-81BC-75FA4F969388}.AppStore|iPhone.Build.0 = Release|Any CPU
		{01DC4615-9C53-4576-81BC-75FA4F969388}.AppStore|iPhone.Deploy.0 = Release|Any CPU
		{01DC4615-9C53-4576-81BC-75FA4F969388}.AppStore|iPhoneSimulator.ActiveCfg = Release|Any CPU
		{01DC4615-9C53-4576-81BC-75FA4F969388}.AppStore|iPhoneSimulator.Build.0 = Release|Any CPU
		{01DC4615-9C53-4576-81BC-75FA4F969388}.AppStore|iPhoneSimulator.Deploy.0 = Release|Any CPU
		{01DC4615-9C53-4576-81BC-75FA4F969388}.AppStore|x64.ActiveCfg = Release|Any CPU
		{01DC4615-9C53-4576-81BC-75FA4F969388}.AppStore|x64.Build.0 = Release|Any CPU
		{01DC4615-9C53-4576-81BC-75FA4F969388}.AppStore|x64.Deploy.0 = Release|Any CPU
		{01DC4615-9C53-4576-81BC-75FA4F969388}.AppStore|x86.ActiveCfg = Release|Any CPU
		{01DC4615-9C53-4576-81BC-75FA4F969388}.AppStore|x86.Build.0 = Release|Any CPU
		{01DC4615-9C53-4576-81BC-75FA4F969388}.AppStore|x86.Deploy.0 = Release|Any CPU
		{01DC4615-9C53-4576-81BC-75FA4F969388}.Debug|Any CPU.ActiveCfg = Debug|Any CPU
		{01DC4615-9C53-4576-81BC-75FA4F969388}.Debug|Any CPU.Build.0 = Debug|Any CPU
		{01DC4615-9C53-4576-81BC-75FA4F969388}.Debug|Any CPU.Deploy.0 = Debug|Any CPU
		{01DC4615-9C53-4576-81BC-75FA4F969388}.Debug|ARM.ActiveCfg = Debug|Any CPU
		{01DC4615-9C53-4576-81BC-75FA4F969388}.Debug|ARM.Build.0 = Debug|Any CPU
		{01DC4615-9C53-4576-81BC-75FA4F969388}.Debug|ARM.Deploy.0 = Debug|Any CPU
		{01DC4615-9C53-4576-81BC-75FA4F969388}.Debug|iPhone.ActiveCfg = Debug|Any CPU
		{01DC4615-9C53-4576-81BC-75FA4F969388}.Debug|iPhone.Build.0 = Debug|Any CPU
		{01DC4615-9C53-4576-81BC-75FA4F969388}.Debug|iPhone.Deploy.0 = Debug|Any CPU
		{01DC4615-9C53-4576-81BC-75FA4F969388}.Debug|iPhoneSimulator.ActiveCfg = Debug|Any CPU
		{01DC4615-9C53-4576-81BC-75FA4F969388}.Debug|iPhoneSimulator.Build.0 = Debug|Any CPU
		{01DC4615-9C53-4576-81BC-75FA4F969388}.Debug|iPhoneSimulator.Deploy.0 = Debug|Any CPU
		{01DC4615-9C53-4576-81BC-75FA4F969388}.Debug|x64.ActiveCfg = Debug|Any CPU
		{01DC4615-9C53-4576-81BC-75FA4F969388}.Debug|x64.Build.0 = Debug|Any CPU
		{01DC4615-9C53-4576-81BC-75FA4F969388}.Debug|x64.Deploy.0 = Debug|Any CPU
		{01DC4615-9C53-4576-81BC-75FA4F969388}.Debug|x86.ActiveCfg = Debug|Any CPU
		{01DC4615-9C53-4576-81BC-75FA4F969388}.Debug|x86.Build.0 = Debug|Any CPU
		{01DC4615-9C53-4576-81BC-75FA4F969388}.Debug|x86.Deploy.0 = Debug|Any CPU
		{01DC4615-9C53-4576-81BC-75FA4F969388}.Release|Any CPU.ActiveCfg = Release|Any CPU
		{01DC4615-9C53-4576-81BC-75FA4F969388}.Release|Any CPU.Build.0 = Release|Any CPU
		{01DC4615-9C53-4576-81BC-75FA4F969388}.Release|Any CPU.Deploy.0 = Release|Any CPU
		{01DC4615-9C53-4576-81BC-75FA4F969388}.Release|ARM.ActiveCfg = Release|Any CPU
		{01DC4615-9C53-4576-81BC-75FA4F969388}.Release|ARM.Build.0 = Release|Any CPU
		{01DC4615-9C53-4576-81BC-75FA4F969388}.Release|ARM.Deploy.0 = Release|Any CPU
		{01DC4615-9C53-4576-81BC-75FA4F969388}.Release|iPhone.ActiveCfg = Release|Any CPU
		{01DC4615-9C53-4576-81BC-75FA4F969388}.Release|iPhone.Build.0 = Release|Any CPU
		{01DC4615-9C53-4576-81BC-75FA4F969388}.Release|iPhone.Deploy.0 = Release|Any CPU
		{01DC4615-9C53-4576-81BC-75FA4F969388}.Release|iPhoneSimulator.ActiveCfg = Release|Any CPU
		{01DC4615-9C53-4576-81BC-75FA4F969388}.Release|iPhoneSimulator.Build.0 = Release|Any CPU
		{01DC4615-9C53-4576-81BC-75FA4F969388}.Release|iPhoneSimulator.Deploy.0 = Release|Any CPU
		{01DC4615-9C53-4576-81BC-75FA4F969388}.Release|x64.ActiveCfg = Release|Any CPU
		{01DC4615-9C53-4576-81BC-75FA4F969388}.Release|x64.Build.0 = Release|Any CPU
		{01DC4615-9C53-4576-81BC-75FA4F969388}.Release|x64.Deploy.0 = Release|Any CPU
		{01DC4615-9C53-4576-81BC-75FA4F969388}.Release|x86.ActiveCfg = Release|Any CPU
		{01DC4615-9C53-4576-81BC-75FA4F969388}.Release|x86.Build.0 = Release|Any CPU
		{01DC4615-9C53-4576-81BC-75FA4F969388}.Release|x86.Deploy.0 = Release|Any CPU
		{538B2FC6-12BA-4744-B5B6-6511654FB711}.Ad-Hoc|Any CPU.ActiveCfg = Ad-Hoc|iPhone
		{538B2FC6-12BA-4744-B5B6-6511654FB711}.Ad-Hoc|ARM.ActiveCfg = Ad-Hoc|iPhone
		{538B2FC6-12BA-4744-B5B6-6511654FB711}.Ad-Hoc|iPhone.ActiveCfg = Ad-Hoc|iPhone
		{538B2FC6-12BA-4744-B5B6-6511654FB711}.Ad-Hoc|iPhone.Build.0 = Ad-Hoc|iPhone
		{538B2FC6-12BA-4744-B5B6-6511654FB711}.Ad-Hoc|iPhoneSimulator.ActiveCfg = Ad-Hoc|iPhoneSimulator
		{538B2FC6-12BA-4744-B5B6-6511654FB711}.Ad-Hoc|iPhoneSimulator.Build.0 = Ad-Hoc|iPhoneSimulator
		{538B2FC6-12BA-4744-B5B6-6511654FB711}.Ad-Hoc|x64.ActiveCfg = Ad-Hoc|iPhone
		{538B2FC6-12BA-4744-B5B6-6511654FB711}.Ad-Hoc|x86.ActiveCfg = Ad-Hoc|iPhone
		{538B2FC6-12BA-4744-B5B6-6511654FB711}.AppStore|Any CPU.ActiveCfg = AppStore|iPhone
		{538B2FC6-12BA-4744-B5B6-6511654FB711}.AppStore|ARM.ActiveCfg = AppStore|iPhone
		{538B2FC6-12BA-4744-B5B6-6511654FB711}.AppStore|iPhone.ActiveCfg = AppStore|iPhone
		{538B2FC6-12BA-4744-B5B6-6511654FB711}.AppStore|iPhone.Build.0 = AppStore|iPhone
		{538B2FC6-12BA-4744-B5B6-6511654FB711}.AppStore|iPhoneSimulator.ActiveCfg = AppStore|iPhoneSimulator
		{538B2FC6-12BA-4744-B5B6-6511654FB711}.AppStore|iPhoneSimulator.Build.0 = AppStore|iPhoneSimulator
		{538B2FC6-12BA-4744-B5B6-6511654FB711}.AppStore|x64.ActiveCfg = AppStore|iPhone
		{538B2FC6-12BA-4744-B5B6-6511654FB711}.AppStore|x86.ActiveCfg = AppStore|iPhone
		{538B2FC6-12BA-4744-B5B6-6511654FB711}.Debug|Any CPU.ActiveCfg = Debug|iPhone
		{538B2FC6-12BA-4744-B5B6-6511654FB711}.Debug|ARM.ActiveCfg = Debug|iPhone
		{538B2FC6-12BA-4744-B5B6-6511654FB711}.Debug|iPhone.ActiveCfg = Debug|iPhone
		{538B2FC6-12BA-4744-B5B6-6511654FB711}.Debug|iPhone.Build.0 = Debug|iPhone
		{538B2FC6-12BA-4744-B5B6-6511654FB711}.Debug|iPhoneSimulator.ActiveCfg = Debug|iPhoneSimulator
		{538B2FC6-12BA-4744-B5B6-6511654FB711}.Debug|iPhoneSimulator.Build.0 = Debug|iPhoneSimulator
		{538B2FC6-12BA-4744-B5B6-6511654FB711}.Debug|x64.ActiveCfg = Debug|iPhone
		{538B2FC6-12BA-4744-B5B6-6511654FB711}.Debug|x86.ActiveCfg = Debug|iPhone
		{538B2FC6-12BA-4744-B5B6-6511654FB711}.Release|Any CPU.ActiveCfg = Release|iPhone
		{538B2FC6-12BA-4744-B5B6-6511654FB711}.Release|ARM.ActiveCfg = Release|iPhone
		{538B2FC6-12BA-4744-B5B6-6511654FB711}.Release|iPhone.ActiveCfg = Release|iPhone
		{538B2FC6-12BA-4744-B5B6-6511654FB711}.Release|iPhone.Build.0 = Release|iPhone
		{538B2FC6-12BA-4744-B5B6-6511654FB711}.Release|iPhoneSimulator.ActiveCfg = Release|iPhoneSimulator
		{538B2FC6-12BA-4744-B5B6-6511654FB711}.Release|iPhoneSimulator.Build.0 = Release|iPhoneSimulator
		{538B2FC6-12BA-4744-B5B6-6511654FB711}.Release|x64.ActiveCfg = Release|iPhone
		{538B2FC6-12BA-4744-B5B6-6511654FB711}.Release|x86.ActiveCfg = Release|iPhone
		{A62A007C-A6E4-490D-850D-6D89C9C95F7F}.Ad-Hoc|Any CPU.ActiveCfg = Release|Any CPU
		{A62A007C-A6E4-490D-850D-6D89C9C95F7F}.Ad-Hoc|Any CPU.Build.0 = Release|Any CPU
		{A62A007C-A6E4-490D-850D-6D89C9C95F7F}.Ad-Hoc|Any CPU.Deploy.0 = Release|Any CPU
		{A62A007C-A6E4-490D-850D-6D89C9C95F7F}.Ad-Hoc|ARM.ActiveCfg = Release|ARM
		{A62A007C-A6E4-490D-850D-6D89C9C95F7F}.Ad-Hoc|ARM.Build.0 = Release|ARM
		{A62A007C-A6E4-490D-850D-6D89C9C95F7F}.Ad-Hoc|ARM.Deploy.0 = Release|ARM
		{A62A007C-A6E4-490D-850D-6D89C9C95F7F}.Ad-Hoc|iPhone.ActiveCfg = Release|Any CPU
		{A62A007C-A6E4-490D-850D-6D89C9C95F7F}.Ad-Hoc|iPhone.Build.0 = Release|Any CPU
		{A62A007C-A6E4-490D-850D-6D89C9C95F7F}.Ad-Hoc|iPhone.Deploy.0 = Release|Any CPU
		{A62A007C-A6E4-490D-850D-6D89C9C95F7F}.Ad-Hoc|iPhoneSimulator.ActiveCfg = Release|Any CPU
		{A62A007C-A6E4-490D-850D-6D89C9C95F7F}.Ad-Hoc|iPhoneSimulator.Build.0 = Release|Any CPU
		{A62A007C-A6E4-490D-850D-6D89C9C95F7F}.Ad-Hoc|iPhoneSimulator.Deploy.0 = Release|Any CPU
		{A62A007C-A6E4-490D-850D-6D89C9C95F7F}.Ad-Hoc|x64.ActiveCfg = Release|Any CPU
		{A62A007C-A6E4-490D-850D-6D89C9C95F7F}.Ad-Hoc|x64.Build.0 = Release|Any CPU
		{A62A007C-A6E4-490D-850D-6D89C9C95F7F}.Ad-Hoc|x64.Deploy.0 = Release|Any CPU
		{A62A007C-A6E4-490D-850D-6D89C9C95F7F}.Ad-Hoc|x86.ActiveCfg = Release|x86
		{A62A007C-A6E4-490D-850D-6D89C9C95F7F}.Ad-Hoc|x86.Build.0 = Release|x86
		{A62A007C-A6E4-490D-850D-6D89C9C95F7F}.Ad-Hoc|x86.Deploy.0 = Release|x86
		{A62A007C-A6E4-490D-850D-6D89C9C95F7F}.AppStore|Any CPU.ActiveCfg = Release|Any CPU
		{A62A007C-A6E4-490D-850D-6D89C9C95F7F}.AppStore|Any CPU.Build.0 = Release|Any CPU
		{A62A007C-A6E4-490D-850D-6D89C9C95F7F}.AppStore|Any CPU.Deploy.0 = Release|Any CPU
		{A62A007C-A6E4-490D-850D-6D89C9C95F7F}.AppStore|ARM.ActiveCfg = Release|ARM
		{A62A007C-A6E4-490D-850D-6D89C9C95F7F}.AppStore|ARM.Build.0 = Release|ARM
		{A62A007C-A6E4-490D-850D-6D89C9C95F7F}.AppStore|ARM.Deploy.0 = Release|ARM
		{A62A007C-A6E4-490D-850D-6D89C9C95F7F}.AppStore|iPhone.ActiveCfg = Release|Any CPU
		{A62A007C-A6E4-490D-850D-6D89C9C95F7F}.AppStore|iPhone.Build.0 = Release|Any CPU
		{A62A007C-A6E4-490D-850D-6D89C9C95F7F}.AppStore|iPhone.Deploy.0 = Release|Any CPU
		{A62A007C-A6E4-490D-850D-6D89C9C95F7F}.AppStore|iPhoneSimulator.ActiveCfg = Release|Any CPU
		{A62A007C-A6E4-490D-850D-6D89C9C95F7F}.AppStore|iPhoneSimulator.Build.0 = Release|Any CPU
		{A62A007C-A6E4-490D-850D-6D89C9C95F7F}.AppStore|iPhoneSimulator.Deploy.0 = Release|Any CPU
		{A62A007C-A6E4-490D-850D-6D89C9C95F7F}.AppStore|x64.ActiveCfg = Release|Any CPU
		{A62A007C-A6E4-490D-850D-6D89C9C95F7F}.AppStore|x64.Build.0 = Release|Any CPU
		{A62A007C-A6E4-490D-850D-6D89C9C95F7F}.AppStore|x64.Deploy.0 = Release|Any CPU
		{A62A007C-A6E4-490D-850D-6D89C9C95F7F}.AppStore|x86.ActiveCfg = Release|x86
		{A62A007C-A6E4-490D-850D-6D89C9C95F7F}.AppStore|x86.Build.0 = Release|x86
		{A62A007C-A6E4-490D-850D-6D89C9C95F7F}.AppStore|x86.Deploy.0 = Release|x86
		{A62A007C-A6E4-490D-850D-6D89C9C95F7F}.Debug|Any CPU.ActiveCfg = Debug|Any CPU
		{A62A007C-A6E4-490D-850D-6D89C9C95F7F}.Debug|Any CPU.Build.0 = Debug|Any CPU
		{A62A007C-A6E4-490D-850D-6D89C9C95F7F}.Debug|Any CPU.Deploy.0 = Debug|Any CPU
		{A62A007C-A6E4-490D-850D-6D89C9C95F7F}.Debug|ARM.ActiveCfg = Debug|ARM
		{A62A007C-A6E4-490D-850D-6D89C9C95F7F}.Debug|ARM.Build.0 = Debug|ARM
		{A62A007C-A6E4-490D-850D-6D89C9C95F7F}.Debug|ARM.Deploy.0 = Debug|ARM
		{A62A007C-A6E4-490D-850D-6D89C9C95F7F}.Debug|iPhone.ActiveCfg = Debug|Any CPU
		{A62A007C-A6E4-490D-850D-6D89C9C95F7F}.Debug|iPhone.Build.0 = Debug|Any CPU
		{A62A007C-A6E4-490D-850D-6D89C9C95F7F}.Debug|iPhone.Deploy.0 = Debug|Any CPU
		{A62A007C-A6E4-490D-850D-6D89C9C95F7F}.Debug|iPhoneSimulator.ActiveCfg = Debug|Any CPU
		{A62A007C-A6E4-490D-850D-6D89C9C95F7F}.Debug|iPhoneSimulator.Build.0 = Debug|Any CPU
		{A62A007C-A6E4-490D-850D-6D89C9C95F7F}.Debug|iPhoneSimulator.Deploy.0 = Debug|Any CPU
		{A62A007C-A6E4-490D-850D-6D89C9C95F7F}.Debug|x64.ActiveCfg = Debug|Any CPU
		{A62A007C-A6E4-490D-850D-6D89C9C95F7F}.Debug|x64.Build.0 = Debug|Any CPU
		{A62A007C-A6E4-490D-850D-6D89C9C95F7F}.Debug|x64.Deploy.0 = Debug|Any CPU
		{A62A007C-A6E4-490D-850D-6D89C9C95F7F}.Debug|x86.ActiveCfg = Debug|x86
		{A62A007C-A6E4-490D-850D-6D89C9C95F7F}.Debug|x86.Build.0 = Debug|x86
		{A62A007C-A6E4-490D-850D-6D89C9C95F7F}.Debug|x86.Deploy.0 = Debug|x86
		{A62A007C-A6E4-490D-850D-6D89C9C95F7F}.Release|Any CPU.ActiveCfg = Release|Any CPU
		{A62A007C-A6E4-490D-850D-6D89C9C95F7F}.Release|Any CPU.Build.0 = Release|Any CPU
		{A62A007C-A6E4-490D-850D-6D89C9C95F7F}.Release|Any CPU.Deploy.0 = Release|Any CPU
		{A62A007C-A6E4-490D-850D-6D89C9C95F7F}.Release|ARM.ActiveCfg = Release|ARM
		{A62A007C-A6E4-490D-850D-6D89C9C95F7F}.Release|ARM.Build.0 = Release|ARM
		{A62A007C-A6E4-490D-850D-6D89C9C95F7F}.Release|ARM.Deploy.0 = Release|ARM
		{A62A007C-A6E4-490D-850D-6D89C9C95F7F}.Release|iPhone.ActiveCfg = Release|Any CPU
		{A62A007C-A6E4-490D-850D-6D89C9C95F7F}.Release|iPhone.Build.0 = Release|Any CPU
		{A62A007C-A6E4-490D-850D-6D89C9C95F7F}.Release|iPhone.Deploy.0 = Release|Any CPU
		{A62A007C-A6E4-490D-850D-6D89C9C95F7F}.Release|iPhoneSimulator.ActiveCfg = Release|Any CPU
		{A62A007C-A6E4-490D-850D-6D89C9C95F7F}.Release|iPhoneSimulator.Build.0 = Release|Any CPU
		{A62A007C-A6E4-490D-850D-6D89C9C95F7F}.Release|iPhoneSimulator.Deploy.0 = Release|Any CPU
		{A62A007C-A6E4-490D-850D-6D89C9C95F7F}.Release|x64.ActiveCfg = Release|Any CPU
		{A62A007C-A6E4-490D-850D-6D89C9C95F7F}.Release|x64.Build.0 = Release|Any CPU
		{A62A007C-A6E4-490D-850D-6D89C9C95F7F}.Release|x64.Deploy.0 = Release|Any CPU
		{A62A007C-A6E4-490D-850D-6D89C9C95F7F}.Release|x86.ActiveCfg = Release|x86
		{A62A007C-A6E4-490D-850D-6D89C9C95F7F}.Release|x86.Build.0 = Release|x86
		{A62A007C-A6E4-490D-850D-6D89C9C95F7F}.Release|x86.Deploy.0 = Release|x86
		{2A7948B4-CF26-418A-89A9-6BE5EEC60799}.Ad-Hoc|Any CPU.ActiveCfg = Release|x86
		{2A7948B4-CF26-418A-89A9-6BE5EEC60799}.Ad-Hoc|Any CPU.Build.0 = Release|x86
		{2A7948B4-CF26-418A-89A9-6BE5EEC60799}.Ad-Hoc|Any CPU.Deploy.0 = Release|x86
		{2A7948B4-CF26-418A-89A9-6BE5EEC60799}.Ad-Hoc|ARM.ActiveCfg = Release|ARM
		{2A7948B4-CF26-418A-89A9-6BE5EEC60799}.Ad-Hoc|ARM.Build.0 = Release|ARM
		{2A7948B4-CF26-418A-89A9-6BE5EEC60799}.Ad-Hoc|ARM.Deploy.0 = Release|ARM
		{2A7948B4-CF26-418A-89A9-6BE5EEC60799}.Ad-Hoc|iPhone.ActiveCfg = Release|x86
		{2A7948B4-CF26-418A-89A9-6BE5EEC60799}.Ad-Hoc|iPhone.Build.0 = Release|x86
		{2A7948B4-CF26-418A-89A9-6BE5EEC60799}.Ad-Hoc|iPhone.Deploy.0 = Release|x86
		{2A7948B4-CF26-418A-89A9-6BE5EEC60799}.Ad-Hoc|iPhoneSimulator.ActiveCfg = Release|x86
		{2A7948B4-CF26-418A-89A9-6BE5EEC60799}.Ad-Hoc|iPhoneSimulator.Build.0 = Release|x86
		{2A7948B4-CF26-418A-89A9-6BE5EEC60799}.Ad-Hoc|iPhoneSimulator.Deploy.0 = Release|x86
		{2A7948B4-CF26-418A-89A9-6BE5EEC60799}.Ad-Hoc|x64.ActiveCfg = Release|x64
		{2A7948B4-CF26-418A-89A9-6BE5EEC60799}.Ad-Hoc|x64.Build.0 = Release|x64
		{2A7948B4-CF26-418A-89A9-6BE5EEC60799}.Ad-Hoc|x64.Deploy.0 = Release|x64
		{2A7948B4-CF26-418A-89A9-6BE5EEC60799}.Ad-Hoc|x86.ActiveCfg = Release|x86
		{2A7948B4-CF26-418A-89A9-6BE5EEC60799}.Ad-Hoc|x86.Build.0 = Release|x86
		{2A7948B4-CF26-418A-89A9-6BE5EEC60799}.Ad-Hoc|x86.Deploy.0 = Release|x86
		{2A7948B4-CF26-418A-89A9-6BE5EEC60799}.AppStore|Any CPU.ActiveCfg = Release|x86
		{2A7948B4-CF26-418A-89A9-6BE5EEC60799}.AppStore|Any CPU.Build.0 = Release|x86
		{2A7948B4-CF26-418A-89A9-6BE5EEC60799}.AppStore|Any CPU.Deploy.0 = Release|x86
		{2A7948B4-CF26-418A-89A9-6BE5EEC60799}.AppStore|ARM.ActiveCfg = Release|ARM
		{2A7948B4-CF26-418A-89A9-6BE5EEC60799}.AppStore|ARM.Build.0 = Release|ARM
		{2A7948B4-CF26-418A-89A9-6BE5EEC60799}.AppStore|ARM.Deploy.0 = Release|ARM
		{2A7948B4-CF26-418A-89A9-6BE5EEC60799}.AppStore|iPhone.ActiveCfg = Release|x86
		{2A7948B4-CF26-418A-89A9-6BE5EEC60799}.AppStore|iPhone.Build.0 = Release|x86
		{2A7948B4-CF26-418A-89A9-6BE5EEC60799}.AppStore|iPhone.Deploy.0 = Release|x86
		{2A7948B4-CF26-418A-89A9-6BE5EEC60799}.AppStore|iPhoneSimulator.ActiveCfg = Release|x86
		{2A7948B4-CF26-418A-89A9-6BE5EEC60799}.AppStore|iPhoneSimulator.Build.0 = Release|x86
		{2A7948B4-CF26-418A-89A9-6BE5EEC60799}.AppStore|iPhoneSimulator.Deploy.0 = Release|x86
		{2A7948B4-CF26-418A-89A9-6BE5EEC60799}.AppStore|x64.ActiveCfg = Release|x64
		{2A7948B4-CF26-418A-89A9-6BE5EEC60799}.AppStore|x64.Build.0 = Release|x64
		{2A7948B4-CF26-418A-89A9-6BE5EEC60799}.AppStore|x64.Deploy.0 = Release|x64
		{2A7948B4-CF26-418A-89A9-6BE5EEC60799}.AppStore|x86.ActiveCfg = Release|x86
		{2A7948B4-CF26-418A-89A9-6BE5EEC60799}.AppStore|x86.Build.0 = Release|x86
		{2A7948B4-CF26-418A-89A9-6BE5EEC60799}.AppStore|x86.Deploy.0 = Release|x86
		{2A7948B4-CF26-418A-89A9-6BE5EEC60799}.Debug|Any CPU.ActiveCfg = Debug|x86
		{2A7948B4-CF26-418A-89A9-6BE5EEC60799}.Debug|ARM.ActiveCfg = Debug|ARM
		{2A7948B4-CF26-418A-89A9-6BE5EEC60799}.Debug|ARM.Build.0 = Debug|ARM
		{2A7948B4-CF26-418A-89A9-6BE5EEC60799}.Debug|ARM.Deploy.0 = Debug|ARM
		{2A7948B4-CF26-418A-89A9-6BE5EEC60799}.Debug|iPhone.ActiveCfg = Debug|x86
		{2A7948B4-CF26-418A-89A9-6BE5EEC60799}.Debug|iPhoneSimulator.ActiveCfg = Debug|x86
		{2A7948B4-CF26-418A-89A9-6BE5EEC60799}.Debug|x64.ActiveCfg = Debug|x64
		{2A7948B4-CF26-418A-89A9-6BE5EEC60799}.Debug|x64.Build.0 = Debug|x64
		{2A7948B4-CF26-418A-89A9-6BE5EEC60799}.Debug|x64.Deploy.0 = Debug|x64
		{2A7948B4-CF26-418A-89A9-6BE5EEC60799}.Debug|x86.ActiveCfg = Debug|x86
		{2A7948B4-CF26-418A-89A9-6BE5EEC60799}.Debug|x86.Build.0 = Debug|x86
		{2A7948B4-CF26-418A-89A9-6BE5EEC60799}.Debug|x86.Deploy.0 = Debug|x86
		{2A7948B4-CF26-418A-89A9-6BE5EEC60799}.Release|Any CPU.ActiveCfg = Release|x86
		{2A7948B4-CF26-418A-89A9-6BE5EEC60799}.Release|ARM.ActiveCfg = Release|ARM
		{2A7948B4-CF26-418A-89A9-6BE5EEC60799}.Release|ARM.Build.0 = Release|ARM
		{2A7948B4-CF26-418A-89A9-6BE5EEC60799}.Release|ARM.Deploy.0 = Release|ARM
		{2A7948B4-CF26-418A-89A9-6BE5EEC60799}.Release|iPhone.ActiveCfg = Release|x86
		{2A7948B4-CF26-418A-89A9-6BE5EEC60799}.Release|iPhoneSimulator.ActiveCfg = Release|x86
		{2A7948B4-CF26-418A-89A9-6BE5EEC60799}.Release|x64.ActiveCfg = Release|x64
		{2A7948B4-CF26-418A-89A9-6BE5EEC60799}.Release|x64.Build.0 = Release|x64
		{2A7948B4-CF26-418A-89A9-6BE5EEC60799}.Release|x64.Deploy.0 = Release|x64
		{2A7948B4-CF26-418A-89A9-6BE5EEC60799}.Release|x86.ActiveCfg = Release|x86
		{2A7948B4-CF26-418A-89A9-6BE5EEC60799}.Release|x86.Build.0 = Release|x86
		{2A7948B4-CF26-418A-89A9-6BE5EEC60799}.Release|x86.Deploy.0 = Release|x86
		{63F99A1E-5798-475B-B448-27D9B29BD906}.Ad-Hoc|Any CPU.ActiveCfg = Release|Any CPU
		{63F99A1E-5798-475B-B448-27D9B29BD906}.Ad-Hoc|Any CPU.Build.0 = Release|Any CPU
		{63F99A1E-5798-475B-B448-27D9B29BD906}.Ad-Hoc|Any CPU.Deploy.0 = Release|Any CPU
		{63F99A1E-5798-475B-B448-27D9B29BD906}.Ad-Hoc|ARM.ActiveCfg = Release|ARM
		{63F99A1E-5798-475B-B448-27D9B29BD906}.Ad-Hoc|ARM.Build.0 = Release|ARM
		{63F99A1E-5798-475B-B448-27D9B29BD906}.Ad-Hoc|ARM.Deploy.0 = Release|ARM
		{63F99A1E-5798-475B-B448-27D9B29BD906}.Ad-Hoc|iPhone.ActiveCfg = Release|Any CPU
		{63F99A1E-5798-475B-B448-27D9B29BD906}.Ad-Hoc|iPhone.Build.0 = Release|Any CPU
		{63F99A1E-5798-475B-B448-27D9B29BD906}.Ad-Hoc|iPhone.Deploy.0 = Release|Any CPU
		{63F99A1E-5798-475B-B448-27D9B29BD906}.Ad-Hoc|iPhoneSimulator.ActiveCfg = Release|Any CPU
		{63F99A1E-5798-475B-B448-27D9B29BD906}.Ad-Hoc|iPhoneSimulator.Build.0 = Release|Any CPU
		{63F99A1E-5798-475B-B448-27D9B29BD906}.Ad-Hoc|iPhoneSimulator.Deploy.0 = Release|Any CPU
		{63F99A1E-5798-475B-B448-27D9B29BD906}.Ad-Hoc|x64.ActiveCfg = Release|x64
		{63F99A1E-5798-475B-B448-27D9B29BD906}.Ad-Hoc|x64.Build.0 = Release|x64
		{63F99A1E-5798-475B-B448-27D9B29BD906}.Ad-Hoc|x64.Deploy.0 = Release|x64
		{63F99A1E-5798-475B-B448-27D9B29BD906}.Ad-Hoc|x86.ActiveCfg = Release|x86
		{63F99A1E-5798-475B-B448-27D9B29BD906}.Ad-Hoc|x86.Build.0 = Release|x86
		{63F99A1E-5798-475B-B448-27D9B29BD906}.Ad-Hoc|x86.Deploy.0 = Release|x86
		{63F99A1E-5798-475B-B448-27D9B29BD906}.AppStore|Any CPU.ActiveCfg = Release|Any CPU
		{63F99A1E-5798-475B-B448-27D9B29BD906}.AppStore|Any CPU.Build.0 = Release|Any CPU
		{63F99A1E-5798-475B-B448-27D9B29BD906}.AppStore|Any CPU.Deploy.0 = Release|Any CPU
		{63F99A1E-5798-475B-B448-27D9B29BD906}.AppStore|ARM.ActiveCfg = Release|ARM
		{63F99A1E-5798-475B-B448-27D9B29BD906}.AppStore|ARM.Build.0 = Release|ARM
		{63F99A1E-5798-475B-B448-27D9B29BD906}.AppStore|ARM.Deploy.0 = Release|ARM
		{63F99A1E-5798-475B-B448-27D9B29BD906}.AppStore|iPhone.ActiveCfg = Release|Any CPU
		{63F99A1E-5798-475B-B448-27D9B29BD906}.AppStore|iPhone.Build.0 = Release|Any CPU
		{63F99A1E-5798-475B-B448-27D9B29BD906}.AppStore|iPhone.Deploy.0 = Release|Any CPU
		{63F99A1E-5798-475B-B448-27D9B29BD906}.AppStore|iPhoneSimulator.ActiveCfg = Release|Any CPU
		{63F99A1E-5798-475B-B448-27D9B29BD906}.AppStore|iPhoneSimulator.Build.0 = Release|Any CPU
		{63F99A1E-5798-475B-B448-27D9B29BD906}.AppStore|iPhoneSimulator.Deploy.0 = Release|Any CPU
		{63F99A1E-5798-475B-B448-27D9B29BD906}.AppStore|x64.ActiveCfg = Release|x64
		{63F99A1E-5798-475B-B448-27D9B29BD906}.AppStore|x64.Build.0 = Release|x64
		{63F99A1E-5798-475B-B448-27D9B29BD906}.AppStore|x64.Deploy.0 = Release|x64
		{63F99A1E-5798-475B-B448-27D9B29BD906}.AppStore|x86.ActiveCfg = Release|x86
		{63F99A1E-5798-475B-B448-27D9B29BD906}.AppStore|x86.Build.0 = Release|x86
		{63F99A1E-5798-475B-B448-27D9B29BD906}.AppStore|x86.Deploy.0 = Release|x86
		{63F99A1E-5798-475B-B448-27D9B29BD906}.Debug|Any CPU.ActiveCfg = Debug|Any CPU
		{63F99A1E-5798-475B-B448-27D9B29BD906}.Debug|Any CPU.Build.0 = Debug|Any CPU
		{63F99A1E-5798-475B-B448-27D9B29BD906}.Debug|Any CPU.Deploy.0 = Debug|Any CPU
		{63F99A1E-5798-475B-B448-27D9B29BD906}.Debug|ARM.ActiveCfg = Debug|ARM
		{63F99A1E-5798-475B-B448-27D9B29BD906}.Debug|ARM.Build.0 = Debug|ARM
		{63F99A1E-5798-475B-B448-27D9B29BD906}.Debug|ARM.Deploy.0 = Debug|ARM
		{63F99A1E-5798-475B-B448-27D9B29BD906}.Debug|iPhone.ActiveCfg = Debug|Any CPU
		{63F99A1E-5798-475B-B448-27D9B29BD906}.Debug|iPhone.Build.0 = Debug|Any CPU
		{63F99A1E-5798-475B-B448-27D9B29BD906}.Debug|iPhone.Deploy.0 = Debug|Any CPU
		{63F99A1E-5798-475B-B448-27D9B29BD906}.Debug|iPhoneSimulator.ActiveCfg = Debug|Any CPU
		{63F99A1E-5798-475B-B448-27D9B29BD906}.Debug|iPhoneSimulator.Build.0 = Debug|Any CPU
		{63F99A1E-5798-475B-B448-27D9B29BD906}.Debug|iPhoneSimulator.Deploy.0 = Debug|Any CPU
		{63F99A1E-5798-475B-B448-27D9B29BD906}.Debug|x64.ActiveCfg = Debug|x64
		{63F99A1E-5798-475B-B448-27D9B29BD906}.Debug|x64.Build.0 = Debug|x64
		{63F99A1E-5798-475B-B448-27D9B29BD906}.Debug|x64.Deploy.0 = Debug|x64
		{63F99A1E-5798-475B-B448-27D9B29BD906}.Debug|x86.ActiveCfg = Debug|x86
		{63F99A1E-5798-475B-B448-27D9B29BD906}.Debug|x86.Build.0 = Debug|x86
		{63F99A1E-5798-475B-B448-27D9B29BD906}.Debug|x86.Deploy.0 = Debug|x86
		{63F99A1E-5798-475B-B448-27D9B29BD906}.Release|Any CPU.ActiveCfg = Release|Any CPU
		{63F99A1E-5798-475B-B448-27D9B29BD906}.Release|Any CPU.Build.0 = Release|Any CPU
		{63F99A1E-5798-475B-B448-27D9B29BD906}.Release|Any CPU.Deploy.0 = Release|Any CPU
		{63F99A1E-5798-475B-B448-27D9B29BD906}.Release|ARM.ActiveCfg = Release|ARM
		{63F99A1E-5798-475B-B448-27D9B29BD906}.Release|ARM.Build.0 = Release|ARM
		{63F99A1E-5798-475B-B448-27D9B29BD906}.Release|ARM.Deploy.0 = Release|ARM
		{63F99A1E-5798-475B-B448-27D9B29BD906}.Release|iPhone.ActiveCfg = Release|Any CPU
		{63F99A1E-5798-475B-B448-27D9B29BD906}.Release|iPhone.Build.0 = Release|Any CPU
		{63F99A1E-5798-475B-B448-27D9B29BD906}.Release|iPhone.Deploy.0 = Release|Any CPU
		{63F99A1E-5798-475B-B448-27D9B29BD906}.Release|iPhoneSimulator.ActiveCfg = Release|Any CPU
		{63F99A1E-5798-475B-B448-27D9B29BD906}.Release|iPhoneSimulator.Build.0 = Release|Any CPU
		{63F99A1E-5798-475B-B448-27D9B29BD906}.Release|iPhoneSimulator.Deploy.0 = Release|Any CPU
		{63F99A1E-5798-475B-B448-27D9B29BD906}.Release|x64.ActiveCfg = Release|x64
		{63F99A1E-5798-475B-B448-27D9B29BD906}.Release|x64.Build.0 = Release|x64
		{63F99A1E-5798-475B-B448-27D9B29BD906}.Release|x64.Deploy.0 = Release|x64
		{63F99A1E-5798-475B-B448-27D9B29BD906}.Release|x86.ActiveCfg = Release|x86
		{63F99A1E-5798-475B-B448-27D9B29BD906}.Release|x86.Build.0 = Release|x86
		{63F99A1E-5798-475B-B448-27D9B29BD906}.Release|x86.Deploy.0 = Release|x86
		{A9497183-167D-46DD-91F7-35EE313678C5}.Ad-Hoc|Any CPU.ActiveCfg = Release|Any CPU
		{A9497183-167D-46DD-91F7-35EE313678C5}.Ad-Hoc|Any CPU.Build.0 = Release|Any CPU
		{A9497183-167D-46DD-91F7-35EE313678C5}.Ad-Hoc|ARM.ActiveCfg = Release|Any CPU
		{A9497183-167D-46DD-91F7-35EE313678C5}.Ad-Hoc|ARM.Build.0 = Release|Any CPU
		{A9497183-167D-46DD-91F7-35EE313678C5}.Ad-Hoc|iPhone.ActiveCfg = Release|Any CPU
		{A9497183-167D-46DD-91F7-35EE313678C5}.Ad-Hoc|iPhone.Build.0 = Release|Any CPU
		{A9497183-167D-46DD-91F7-35EE313678C5}.Ad-Hoc|iPhoneSimulator.ActiveCfg = Release|Any CPU
		{A9497183-167D-46DD-91F7-35EE313678C5}.Ad-Hoc|iPhoneSimulator.Build.0 = Release|Any CPU
		{A9497183-167D-46DD-91F7-35EE313678C5}.Ad-Hoc|x64.ActiveCfg = Release|Any CPU
		{A9497183-167D-46DD-91F7-35EE313678C5}.Ad-Hoc|x64.Build.0 = Release|Any CPU
		{A9497183-167D-46DD-91F7-35EE313678C5}.Ad-Hoc|x86.ActiveCfg = Release|Any CPU
		{A9497183-167D-46DD-91F7-35EE313678C5}.Ad-Hoc|x86.Build.0 = Release|Any CPU
		{A9497183-167D-46DD-91F7-35EE313678C5}.AppStore|Any CPU.ActiveCfg = Release|Any CPU
		{A9497183-167D-46DD-91F7-35EE313678C5}.AppStore|Any CPU.Build.0 = Release|Any CPU
		{A9497183-167D-46DD-91F7-35EE313678C5}.AppStore|ARM.ActiveCfg = Release|Any CPU
		{A9497183-167D-46DD-91F7-35EE313678C5}.AppStore|ARM.Build.0 = Release|Any CPU
		{A9497183-167D-46DD-91F7-35EE313678C5}.AppStore|iPhone.ActiveCfg = Release|Any CPU
		{A9497183-167D-46DD-91F7-35EE313678C5}.AppStore|iPhone.Build.0 = Release|Any CPU
		{A9497183-167D-46DD-91F7-35EE313678C5}.AppStore|iPhoneSimulator.ActiveCfg = Release|Any CPU
		{A9497183-167D-46DD-91F7-35EE313678C5}.AppStore|iPhoneSimulator.Build.0 = Release|Any CPU
		{A9497183-167D-46DD-91F7-35EE313678C5}.AppStore|x64.ActiveCfg = Release|Any CPU
		{A9497183-167D-46DD-91F7-35EE313678C5}.AppStore|x64.Build.0 = Release|Any CPU
		{A9497183-167D-46DD-91F7-35EE313678C5}.AppStore|x86.ActiveCfg = Release|Any CPU
		{A9497183-167D-46DD-91F7-35EE313678C5}.AppStore|x86.Build.0 = Release|Any CPU
		{A9497183-167D-46DD-91F7-35EE313678C5}.Debug|Any CPU.ActiveCfg = Debug|Any CPU
		{A9497183-167D-46DD-91F7-35EE313678C5}.Debug|Any CPU.Build.0 = Debug|Any CPU
		{A9497183-167D-46DD-91F7-35EE313678C5}.Debug|ARM.ActiveCfg = Debug|Any CPU
		{A9497183-167D-46DD-91F7-35EE313678C5}.Debug|ARM.Build.0 = Debug|Any CPU
		{A9497183-167D-46DD-91F7-35EE313678C5}.Debug|iPhone.ActiveCfg = Debug|Any CPU
		{A9497183-167D-46DD-91F7-35EE313678C5}.Debug|iPhone.Build.0 = Debug|Any CPU
		{A9497183-167D-46DD-91F7-35EE313678C5}.Debug|iPhoneSimulator.ActiveCfg = Debug|Any CPU
		{A9497183-167D-46DD-91F7-35EE313678C5}.Debug|iPhoneSimulator.Build.0 = Debug|Any CPU
		{A9497183-167D-46DD-91F7-35EE313678C5}.Debug|x64.ActiveCfg = Debug|Any CPU
		{A9497183-167D-46DD-91F7-35EE313678C5}.Debug|x64.Build.0 = Debug|Any CPU
		{A9497183-167D-46DD-91F7-35EE313678C5}.Debug|x86.ActiveCfg = Debug|Any CPU
		{A9497183-167D-46DD-91F7-35EE313678C5}.Debug|x86.Build.0 = Debug|Any CPU
		{A9497183-167D-46DD-91F7-35EE313678C5}.Release|Any CPU.ActiveCfg = Release|Any CPU
		{A9497183-167D-46DD-91F7-35EE313678C5}.Release|Any CPU.Build.0 = Release|Any CPU
		{A9497183-167D-46DD-91F7-35EE313678C5}.Release|ARM.ActiveCfg = Release|Any CPU
		{A9497183-167D-46DD-91F7-35EE313678C5}.Release|ARM.Build.0 = Release|Any CPU
		{A9497183-167D-46DD-91F7-35EE313678C5}.Release|iPhone.ActiveCfg = Release|Any CPU
		{A9497183-167D-46DD-91F7-35EE313678C5}.Release|iPhone.Build.0 = Release|Any CPU
		{A9497183-167D-46DD-91F7-35EE313678C5}.Release|iPhoneSimulator.ActiveCfg = Release|Any CPU
		{A9497183-167D-46DD-91F7-35EE313678C5}.Release|iPhoneSimulator.Build.0 = Release|Any CPU
		{A9497183-167D-46DD-91F7-35EE313678C5}.Release|x64.ActiveCfg = Release|Any CPU
		{A9497183-167D-46DD-91F7-35EE313678C5}.Release|x64.Build.0 = Release|Any CPU
		{A9497183-167D-46DD-91F7-35EE313678C5}.Release|x86.ActiveCfg = Release|Any CPU
		{A9497183-167D-46DD-91F7-35EE313678C5}.Release|x86.Build.0 = Release|Any CPU
		{44D5400F-02BE-4B8E-840E-CC4A4C112C33}.Ad-Hoc|Any CPU.ActiveCfg = Release|Any CPU
		{44D5400F-02BE-4B8E-840E-CC4A4C112C33}.Ad-Hoc|Any CPU.Build.0 = Release|Any CPU
		{44D5400F-02BE-4B8E-840E-CC4A4C112C33}.Ad-Hoc|ARM.ActiveCfg = Release|Any CPU
		{44D5400F-02BE-4B8E-840E-CC4A4C112C33}.Ad-Hoc|ARM.Build.0 = Release|Any CPU
		{44D5400F-02BE-4B8E-840E-CC4A4C112C33}.Ad-Hoc|iPhone.ActiveCfg = Release|Any CPU
		{44D5400F-02BE-4B8E-840E-CC4A4C112C33}.Ad-Hoc|iPhone.Build.0 = Release|Any CPU
		{44D5400F-02BE-4B8E-840E-CC4A4C112C33}.Ad-Hoc|iPhoneSimulator.ActiveCfg = Release|Any CPU
		{44D5400F-02BE-4B8E-840E-CC4A4C112C33}.Ad-Hoc|iPhoneSimulator.Build.0 = Release|Any CPU
		{44D5400F-02BE-4B8E-840E-CC4A4C112C33}.Ad-Hoc|x64.ActiveCfg = Release|Any CPU
		{44D5400F-02BE-4B8E-840E-CC4A4C112C33}.Ad-Hoc|x64.Build.0 = Release|Any CPU
		{44D5400F-02BE-4B8E-840E-CC4A4C112C33}.Ad-Hoc|x86.ActiveCfg = Release|Any CPU
		{44D5400F-02BE-4B8E-840E-CC4A4C112C33}.Ad-Hoc|x86.Build.0 = Release|Any CPU
		{44D5400F-02BE-4B8E-840E-CC4A4C112C33}.AppStore|Any CPU.ActiveCfg = Release|Any CPU
		{44D5400F-02BE-4B8E-840E-CC4A4C112C33}.AppStore|Any CPU.Build.0 = Release|Any CPU
		{44D5400F-02BE-4B8E-840E-CC4A4C112C33}.AppStore|ARM.ActiveCfg = Release|Any CPU
		{44D5400F-02BE-4B8E-840E-CC4A4C112C33}.AppStore|ARM.Build.0 = Release|Any CPU
		{44D5400F-02BE-4B8E-840E-CC4A4C112C33}.AppStore|iPhone.ActiveCfg = Release|Any CPU
		{44D5400F-02BE-4B8E-840E-CC4A4C112C33}.AppStore|iPhone.Build.0 = Release|Any CPU
		{44D5400F-02BE-4B8E-840E-CC4A4C112C33}.AppStore|iPhoneSimulator.ActiveCfg = Release|Any CPU
		{44D5400F-02BE-4B8E-840E-CC4A4C112C33}.AppStore|iPhoneSimulator.Build.0 = Release|Any CPU
		{44D5400F-02BE-4B8E-840E-CC4A4C112C33}.AppStore|x64.ActiveCfg = Release|Any CPU
		{44D5400F-02BE-4B8E-840E-CC4A4C112C33}.AppStore|x64.Build.0 = Release|Any CPU
		{44D5400F-02BE-4B8E-840E-CC4A4C112C33}.AppStore|x86.ActiveCfg = Release|Any CPU
		{44D5400F-02BE-4B8E-840E-CC4A4C112C33}.AppStore|x86.Build.0 = Release|Any CPU
		{44D5400F-02BE-4B8E-840E-CC4A4C112C33}.Debug|Any CPU.ActiveCfg = Debug|Any CPU
		{44D5400F-02BE-4B8E-840E-CC4A4C112C33}.Debug|Any CPU.Build.0 = Debug|Any CPU
		{44D5400F-02BE-4B8E-840E-CC4A4C112C33}.Debug|ARM.ActiveCfg = Debug|Any CPU
		{44D5400F-02BE-4B8E-840E-CC4A4C112C33}.Debug|ARM.Build.0 = Debug|Any CPU
		{44D5400F-02BE-4B8E-840E-CC4A4C112C33}.Debug|iPhone.ActiveCfg = Debug|Any CPU
		{44D5400F-02BE-4B8E-840E-CC4A4C112C33}.Debug|iPhone.Build.0 = Debug|Any CPU
		{44D5400F-02BE-4B8E-840E-CC4A4C112C33}.Debug|iPhoneSimulator.ActiveCfg = Debug|Any CPU
		{44D5400F-02BE-4B8E-840E-CC4A4C112C33}.Debug|iPhoneSimulator.Build.0 = Debug|Any CPU
		{44D5400F-02BE-4B8E-840E-CC4A4C112C33}.Debug|x64.ActiveCfg = Debug|Any CPU
		{44D5400F-02BE-4B8E-840E-CC4A4C112C33}.Debug|x64.Build.0 = Debug|Any CPU
		{44D5400F-02BE-4B8E-840E-CC4A4C112C33}.Debug|x86.ActiveCfg = Debug|Any CPU
		{44D5400F-02BE-4B8E-840E-CC4A4C112C33}.Debug|x86.Build.0 = Debug|Any CPU
		{44D5400F-02BE-4B8E-840E-CC4A4C112C33}.Release|Any CPU.ActiveCfg = Release|Any CPU
		{44D5400F-02BE-4B8E-840E-CC4A4C112C33}.Release|Any CPU.Build.0 = Release|Any CPU
		{44D5400F-02BE-4B8E-840E-CC4A4C112C33}.Release|ARM.ActiveCfg = Release|Any CPU
		{44D5400F-02BE-4B8E-840E-CC4A4C112C33}.Release|ARM.Build.0 = Release|Any CPU
		{44D5400F-02BE-4B8E-840E-CC4A4C112C33}.Release|iPhone.ActiveCfg = Release|Any CPU
		{44D5400F-02BE-4B8E-840E-CC4A4C112C33}.Release|iPhone.Build.0 = Release|Any CPU
		{44D5400F-02BE-4B8E-840E-CC4A4C112C33}.Release|iPhoneSimulator.ActiveCfg = Release|Any CPU
		{44D5400F-02BE-4B8E-840E-CC4A4C112C33}.Release|iPhoneSimulator.Build.0 = Release|Any CPU
		{44D5400F-02BE-4B8E-840E-CC4A4C112C33}.Release|x64.ActiveCfg = Release|Any CPU
		{44D5400F-02BE-4B8E-840E-CC4A4C112C33}.Release|x64.Build.0 = Release|Any CPU
		{44D5400F-02BE-4B8E-840E-CC4A4C112C33}.Release|x86.ActiveCfg = Release|Any CPU
		{44D5400F-02BE-4B8E-840E-CC4A4C112C33}.Release|x86.Build.0 = Release|Any CPU
		{84364106-78F5-48EC-8060-A2D9781C2243}.Ad-Hoc|Any CPU.ActiveCfg = Release|Any CPU
		{84364106-78F5-48EC-8060-A2D9781C2243}.Ad-Hoc|Any CPU.Build.0 = Release|Any CPU
		{84364106-78F5-48EC-8060-A2D9781C2243}.Ad-Hoc|ARM.ActiveCfg = Release|Any CPU
		{84364106-78F5-48EC-8060-A2D9781C2243}.Ad-Hoc|ARM.Build.0 = Release|Any CPU
		{84364106-78F5-48EC-8060-A2D9781C2243}.Ad-Hoc|iPhone.ActiveCfg = Release|Any CPU
		{84364106-78F5-48EC-8060-A2D9781C2243}.Ad-Hoc|iPhone.Build.0 = Release|Any CPU
		{84364106-78F5-48EC-8060-A2D9781C2243}.Ad-Hoc|iPhoneSimulator.ActiveCfg = Release|Any CPU
		{84364106-78F5-48EC-8060-A2D9781C2243}.Ad-Hoc|iPhoneSimulator.Build.0 = Release|Any CPU
		{84364106-78F5-48EC-8060-A2D9781C2243}.Ad-Hoc|x64.ActiveCfg = Release|Any CPU
		{84364106-78F5-48EC-8060-A2D9781C2243}.Ad-Hoc|x64.Build.0 = Release|Any CPU
		{84364106-78F5-48EC-8060-A2D9781C2243}.Ad-Hoc|x86.ActiveCfg = Release|Any CPU
		{84364106-78F5-48EC-8060-A2D9781C2243}.Ad-Hoc|x86.Build.0 = Release|Any CPU
		{84364106-78F5-48EC-8060-A2D9781C2243}.AppStore|Any CPU.ActiveCfg = Release|Any CPU
		{84364106-78F5-48EC-8060-A2D9781C2243}.AppStore|Any CPU.Build.0 = Release|Any CPU
		{84364106-78F5-48EC-8060-A2D9781C2243}.AppStore|ARM.ActiveCfg = Release|Any CPU
		{84364106-78F5-48EC-8060-A2D9781C2243}.AppStore|ARM.Build.0 = Release|Any CPU
		{84364106-78F5-48EC-8060-A2D9781C2243}.AppStore|iPhone.ActiveCfg = Release|Any CPU
		{84364106-78F5-48EC-8060-A2D9781C2243}.AppStore|iPhone.Build.0 = Release|Any CPU
		{84364106-78F5-48EC-8060-A2D9781C2243}.AppStore|iPhoneSimulator.ActiveCfg = Release|Any CPU
		{84364106-78F5-48EC-8060-A2D9781C2243}.AppStore|iPhoneSimulator.Build.0 = Release|Any CPU
		{84364106-78F5-48EC-8060-A2D9781C2243}.AppStore|x64.ActiveCfg = Release|Any CPU
		{84364106-78F5-48EC-8060-A2D9781C2243}.AppStore|x64.Build.0 = Release|Any CPU
		{84364106-78F5-48EC-8060-A2D9781C2243}.AppStore|x86.ActiveCfg = Release|Any CPU
		{84364106-78F5-48EC-8060-A2D9781C2243}.AppStore|x86.Build.0 = Release|Any CPU
		{84364106-78F5-48EC-8060-A2D9781C2243}.Debug|Any CPU.ActiveCfg = Debug|Any CPU
		{84364106-78F5-48EC-8060-A2D9781C2243}.Debug|Any CPU.Build.0 = Debug|Any CPU
		{84364106-78F5-48EC-8060-A2D9781C2243}.Debug|ARM.ActiveCfg = Debug|Any CPU
		{84364106-78F5-48EC-8060-A2D9781C2243}.Debug|ARM.Build.0 = Debug|Any CPU
		{84364106-78F5-48EC-8060-A2D9781C2243}.Debug|iPhone.ActiveCfg = Debug|Any CPU
		{84364106-78F5-48EC-8060-A2D9781C2243}.Debug|iPhone.Build.0 = Debug|Any CPU
		{84364106-78F5-48EC-8060-A2D9781C2243}.Debug|iPhoneSimulator.ActiveCfg = Debug|Any CPU
		{84364106-78F5-48EC-8060-A2D9781C2243}.Debug|iPhoneSimulator.Build.0 = Debug|Any CPU
		{84364106-78F5-48EC-8060-A2D9781C2243}.Debug|x64.ActiveCfg = Debug|Any CPU
		{84364106-78F5-48EC-8060-A2D9781C2243}.Debug|x64.Build.0 = Debug|Any CPU
		{84364106-78F5-48EC-8060-A2D9781C2243}.Debug|x86.ActiveCfg = Debug|Any CPU
		{84364106-78F5-48EC-8060-A2D9781C2243}.Debug|x86.Build.0 = Debug|Any CPU
		{84364106-78F5-48EC-8060-A2D9781C2243}.Release|Any CPU.ActiveCfg = Release|Any CPU
		{84364106-78F5-48EC-8060-A2D9781C2243}.Release|Any CPU.Build.0 = Release|Any CPU
		{84364106-78F5-48EC-8060-A2D9781C2243}.Release|ARM.ActiveCfg = Release|Any CPU
		{84364106-78F5-48EC-8060-A2D9781C2243}.Release|ARM.Build.0 = Release|Any CPU
		{84364106-78F5-48EC-8060-A2D9781C2243}.Release|iPhone.ActiveCfg = Release|Any CPU
		{84364106-78F5-48EC-8060-A2D9781C2243}.Release|iPhone.Build.0 = Release|Any CPU
		{84364106-78F5-48EC-8060-A2D9781C2243}.Release|iPhoneSimulator.ActiveCfg = Release|Any CPU
		{84364106-78F5-48EC-8060-A2D9781C2243}.Release|iPhoneSimulator.Build.0 = Release|Any CPU
		{84364106-78F5-48EC-8060-A2D9781C2243}.Release|x64.ActiveCfg = Release|Any CPU
		{84364106-78F5-48EC-8060-A2D9781C2243}.Release|x64.Build.0 = Release|Any CPU
		{84364106-78F5-48EC-8060-A2D9781C2243}.Release|x86.ActiveCfg = Release|Any CPU
		{84364106-78F5-48EC-8060-A2D9781C2243}.Release|x86.Build.0 = Release|Any CPU
		{0968C421-81A1-4FC3-9235-C3E03E853E7C}.Ad-Hoc|Any CPU.ActiveCfg = Release|Any CPU
		{0968C421-81A1-4FC3-9235-C3E03E853E7C}.Ad-Hoc|Any CPU.Build.0 = Release|Any CPU
		{0968C421-81A1-4FC3-9235-C3E03E853E7C}.Ad-Hoc|ARM.ActiveCfg = Release|Any CPU
		{0968C421-81A1-4FC3-9235-C3E03E853E7C}.Ad-Hoc|ARM.Build.0 = Release|Any CPU
		{0968C421-81A1-4FC3-9235-C3E03E853E7C}.Ad-Hoc|iPhone.ActiveCfg = Release|Any CPU
		{0968C421-81A1-4FC3-9235-C3E03E853E7C}.Ad-Hoc|iPhone.Build.0 = Release|Any CPU
		{0968C421-81A1-4FC3-9235-C3E03E853E7C}.Ad-Hoc|iPhoneSimulator.ActiveCfg = Release|Any CPU
		{0968C421-81A1-4FC3-9235-C3E03E853E7C}.Ad-Hoc|iPhoneSimulator.Build.0 = Release|Any CPU
		{0968C421-81A1-4FC3-9235-C3E03E853E7C}.Ad-Hoc|x64.ActiveCfg = Release|Any CPU
		{0968C421-81A1-4FC3-9235-C3E03E853E7C}.Ad-Hoc|x64.Build.0 = Release|Any CPU
		{0968C421-81A1-4FC3-9235-C3E03E853E7C}.Ad-Hoc|x86.ActiveCfg = Release|Any CPU
		{0968C421-81A1-4FC3-9235-C3E03E853E7C}.Ad-Hoc|x86.Build.0 = Release|Any CPU
		{0968C421-81A1-4FC3-9235-C3E03E853E7C}.AppStore|Any CPU.ActiveCfg = Release|Any CPU
		{0968C421-81A1-4FC3-9235-C3E03E853E7C}.AppStore|Any CPU.Build.0 = Release|Any CPU
		{0968C421-81A1-4FC3-9235-C3E03E853E7C}.AppStore|ARM.ActiveCfg = Release|Any CPU
		{0968C421-81A1-4FC3-9235-C3E03E853E7C}.AppStore|ARM.Build.0 = Release|Any CPU
		{0968C421-81A1-4FC3-9235-C3E03E853E7C}.AppStore|iPhone.ActiveCfg = Release|Any CPU
		{0968C421-81A1-4FC3-9235-C3E03E853E7C}.AppStore|iPhone.Build.0 = Release|Any CPU
		{0968C421-81A1-4FC3-9235-C3E03E853E7C}.AppStore|iPhoneSimulator.ActiveCfg = Release|Any CPU
		{0968C421-81A1-4FC3-9235-C3E03E853E7C}.AppStore|iPhoneSimulator.Build.0 = Release|Any CPU
		{0968C421-81A1-4FC3-9235-C3E03E853E7C}.AppStore|x64.ActiveCfg = Release|Any CPU
		{0968C421-81A1-4FC3-9235-C3E03E853E7C}.AppStore|x64.Build.0 = Release|Any CPU
		{0968C421-81A1-4FC3-9235-C3E03E853E7C}.AppStore|x86.ActiveCfg = Release|Any CPU
		{0968C421-81A1-4FC3-9235-C3E03E853E7C}.AppStore|x86.Build.0 = Release|Any CPU
		{0968C421-81A1-4FC3-9235-C3E03E853E7C}.Debug|Any CPU.ActiveCfg = Debug|Any CPU
		{0968C421-81A1-4FC3-9235-C3E03E853E7C}.Debug|Any CPU.Build.0 = Debug|Any CPU
		{0968C421-81A1-4FC3-9235-C3E03E853E7C}.Debug|ARM.ActiveCfg = Debug|Any CPU
		{0968C421-81A1-4FC3-9235-C3E03E853E7C}.Debug|ARM.Build.0 = Debug|Any CPU
		{0968C421-81A1-4FC3-9235-C3E03E853E7C}.Debug|iPhone.ActiveCfg = Debug|Any CPU
		{0968C421-81A1-4FC3-9235-C3E03E853E7C}.Debug|iPhone.Build.0 = Debug|Any CPU
		{0968C421-81A1-4FC3-9235-C3E03E853E7C}.Debug|iPhoneSimulator.ActiveCfg = Debug|Any CPU
		{0968C421-81A1-4FC3-9235-C3E03E853E7C}.Debug|iPhoneSimulator.Build.0 = Debug|Any CPU
		{0968C421-81A1-4FC3-9235-C3E03E853E7C}.Debug|x64.ActiveCfg = Debug|Any CPU
		{0968C421-81A1-4FC3-9235-C3E03E853E7C}.Debug|x64.Build.0 = Debug|Any CPU
		{0968C421-81A1-4FC3-9235-C3E03E853E7C}.Debug|x86.ActiveCfg = Debug|Any CPU
		{0968C421-81A1-4FC3-9235-C3E03E853E7C}.Debug|x86.Build.0 = Debug|Any CPU
		{0968C421-81A1-4FC3-9235-C3E03E853E7C}.Release|Any CPU.ActiveCfg = Release|Any CPU
		{0968C421-81A1-4FC3-9235-C3E03E853E7C}.Release|Any CPU.Build.0 = Release|Any CPU
		{0968C421-81A1-4FC3-9235-C3E03E853E7C}.Release|ARM.ActiveCfg = Release|Any CPU
		{0968C421-81A1-4FC3-9235-C3E03E853E7C}.Release|ARM.Build.0 = Release|Any CPU
		{0968C421-81A1-4FC3-9235-C3E03E853E7C}.Release|iPhone.ActiveCfg = Release|Any CPU
		{0968C421-81A1-4FC3-9235-C3E03E853E7C}.Release|iPhone.Build.0 = Release|Any CPU
		{0968C421-81A1-4FC3-9235-C3E03E853E7C}.Release|iPhoneSimulator.ActiveCfg = Release|Any CPU
		{0968C421-81A1-4FC3-9235-C3E03E853E7C}.Release|iPhoneSimulator.Build.0 = Release|Any CPU
		{0968C421-81A1-4FC3-9235-C3E03E853E7C}.Release|x64.ActiveCfg = Release|Any CPU
		{0968C421-81A1-4FC3-9235-C3E03E853E7C}.Release|x64.Build.0 = Release|Any CPU
		{0968C421-81A1-4FC3-9235-C3E03E853E7C}.Release|x86.ActiveCfg = Release|Any CPU
		{0968C421-81A1-4FC3-9235-C3E03E853E7C}.Release|x86.Build.0 = Release|Any CPU
		{EA2E3B9A-ED28-4619-813B-88A4A21AC98C}.Ad-Hoc|Any CPU.ActiveCfg = Release|Any CPU
		{EA2E3B9A-ED28-4619-813B-88A4A21AC98C}.Ad-Hoc|Any CPU.Build.0 = Release|Any CPU
		{EA2E3B9A-ED28-4619-813B-88A4A21AC98C}.Ad-Hoc|ARM.ActiveCfg = Release|Any CPU
		{EA2E3B9A-ED28-4619-813B-88A4A21AC98C}.Ad-Hoc|ARM.Build.0 = Release|Any CPU
		{EA2E3B9A-ED28-4619-813B-88A4A21AC98C}.Ad-Hoc|iPhone.ActiveCfg = Release|Any CPU
		{EA2E3B9A-ED28-4619-813B-88A4A21AC98C}.Ad-Hoc|iPhone.Build.0 = Release|Any CPU
		{EA2E3B9A-ED28-4619-813B-88A4A21AC98C}.Ad-Hoc|iPhoneSimulator.ActiveCfg = Release|Any CPU
		{EA2E3B9A-ED28-4619-813B-88A4A21AC98C}.Ad-Hoc|iPhoneSimulator.Build.0 = Release|Any CPU
		{EA2E3B9A-ED28-4619-813B-88A4A21AC98C}.Ad-Hoc|x64.ActiveCfg = Release|Any CPU
		{EA2E3B9A-ED28-4619-813B-88A4A21AC98C}.Ad-Hoc|x64.Build.0 = Release|Any CPU
		{EA2E3B9A-ED28-4619-813B-88A4A21AC98C}.Ad-Hoc|x86.ActiveCfg = Release|Any CPU
		{EA2E3B9A-ED28-4619-813B-88A4A21AC98C}.Ad-Hoc|x86.Build.0 = Release|Any CPU
		{EA2E3B9A-ED28-4619-813B-88A4A21AC98C}.AppStore|Any CPU.ActiveCfg = Release|Any CPU
		{EA2E3B9A-ED28-4619-813B-88A4A21AC98C}.AppStore|Any CPU.Build.0 = Release|Any CPU
		{EA2E3B9A-ED28-4619-813B-88A4A21AC98C}.AppStore|ARM.ActiveCfg = Release|Any CPU
		{EA2E3B9A-ED28-4619-813B-88A4A21AC98C}.AppStore|ARM.Build.0 = Release|Any CPU
		{EA2E3B9A-ED28-4619-813B-88A4A21AC98C}.AppStore|iPhone.ActiveCfg = Release|Any CPU
		{EA2E3B9A-ED28-4619-813B-88A4A21AC98C}.AppStore|iPhone.Build.0 = Release|Any CPU
		{EA2E3B9A-ED28-4619-813B-88A4A21AC98C}.AppStore|iPhoneSimulator.ActiveCfg = Release|Any CPU
		{EA2E3B9A-ED28-4619-813B-88A4A21AC98C}.AppStore|iPhoneSimulator.Build.0 = Release|Any CPU
		{EA2E3B9A-ED28-4619-813B-88A4A21AC98C}.AppStore|x64.ActiveCfg = Release|Any CPU
		{EA2E3B9A-ED28-4619-813B-88A4A21AC98C}.AppStore|x64.Build.0 = Release|Any CPU
		{EA2E3B9A-ED28-4619-813B-88A4A21AC98C}.AppStore|x86.ActiveCfg = Release|Any CPU
		{EA2E3B9A-ED28-4619-813B-88A4A21AC98C}.AppStore|x86.Build.0 = Release|Any CPU
		{EA2E3B9A-ED28-4619-813B-88A4A21AC98C}.Debug|Any CPU.ActiveCfg = Debug|Any CPU
		{EA2E3B9A-ED28-4619-813B-88A4A21AC98C}.Debug|Any CPU.Build.0 = Debug|Any CPU
		{EA2E3B9A-ED28-4619-813B-88A4A21AC98C}.Debug|ARM.ActiveCfg = Debug|Any CPU
		{EA2E3B9A-ED28-4619-813B-88A4A21AC98C}.Debug|ARM.Build.0 = Debug|Any CPU
		{EA2E3B9A-ED28-4619-813B-88A4A21AC98C}.Debug|iPhone.ActiveCfg = Debug|Any CPU
		{EA2E3B9A-ED28-4619-813B-88A4A21AC98C}.Debug|iPhone.Build.0 = Debug|Any CPU
		{EA2E3B9A-ED28-4619-813B-88A4A21AC98C}.Debug|iPhoneSimulator.ActiveCfg = Debug|Any CPU
		{EA2E3B9A-ED28-4619-813B-88A4A21AC98C}.Debug|iPhoneSimulator.Build.0 = Debug|Any CPU
		{EA2E3B9A-ED28-4619-813B-88A4A21AC98C}.Debug|x64.ActiveCfg = Debug|Any CPU
		{EA2E3B9A-ED28-4619-813B-88A4A21AC98C}.Debug|x64.Build.0 = Debug|Any CPU
		{EA2E3B9A-ED28-4619-813B-88A4A21AC98C}.Debug|x86.ActiveCfg = Debug|Any CPU
		{EA2E3B9A-ED28-4619-813B-88A4A21AC98C}.Debug|x86.Build.0 = Debug|Any CPU
		{EA2E3B9A-ED28-4619-813B-88A4A21AC98C}.Release|Any CPU.ActiveCfg = Release|Any CPU
		{EA2E3B9A-ED28-4619-813B-88A4A21AC98C}.Release|Any CPU.Build.0 = Release|Any CPU
		{EA2E3B9A-ED28-4619-813B-88A4A21AC98C}.Release|ARM.ActiveCfg = Release|Any CPU
		{EA2E3B9A-ED28-4619-813B-88A4A21AC98C}.Release|ARM.Build.0 = Release|Any CPU
		{EA2E3B9A-ED28-4619-813B-88A4A21AC98C}.Release|iPhone.ActiveCfg = Release|Any CPU
		{EA2E3B9A-ED28-4619-813B-88A4A21AC98C}.Release|iPhone.Build.0 = Release|Any CPU
		{EA2E3B9A-ED28-4619-813B-88A4A21AC98C}.Release|iPhoneSimulator.ActiveCfg = Release|Any CPU
		{EA2E3B9A-ED28-4619-813B-88A4A21AC98C}.Release|iPhoneSimulator.Build.0 = Release|Any CPU
		{EA2E3B9A-ED28-4619-813B-88A4A21AC98C}.Release|x64.ActiveCfg = Release|Any CPU
		{EA2E3B9A-ED28-4619-813B-88A4A21AC98C}.Release|x64.Build.0 = Release|Any CPU
		{EA2E3B9A-ED28-4619-813B-88A4A21AC98C}.Release|x86.ActiveCfg = Release|Any CPU
		{EA2E3B9A-ED28-4619-813B-88A4A21AC98C}.Release|x86.Build.0 = Release|Any CPU
		{7A9C0883-22C0-4D1D-98FB-A9E1CA74672F}.Ad-Hoc|Any CPU.ActiveCfg = Release|Any CPU
		{7A9C0883-22C0-4D1D-98FB-A9E1CA74672F}.Ad-Hoc|Any CPU.Build.0 = Release|Any CPU
		{7A9C0883-22C0-4D1D-98FB-A9E1CA74672F}.Ad-Hoc|ARM.ActiveCfg = Release|Any CPU
		{7A9C0883-22C0-4D1D-98FB-A9E1CA74672F}.Ad-Hoc|ARM.Build.0 = Release|Any CPU
		{7A9C0883-22C0-4D1D-98FB-A9E1CA74672F}.Ad-Hoc|iPhone.ActiveCfg = Release|Any CPU
		{7A9C0883-22C0-4D1D-98FB-A9E1CA74672F}.Ad-Hoc|iPhone.Build.0 = Release|Any CPU
		{7A9C0883-22C0-4D1D-98FB-A9E1CA74672F}.Ad-Hoc|iPhoneSimulator.ActiveCfg = Release|Any CPU
		{7A9C0883-22C0-4D1D-98FB-A9E1CA74672F}.Ad-Hoc|iPhoneSimulator.Build.0 = Release|Any CPU
		{7A9C0883-22C0-4D1D-98FB-A9E1CA74672F}.Ad-Hoc|x64.ActiveCfg = Release|Any CPU
		{7A9C0883-22C0-4D1D-98FB-A9E1CA74672F}.Ad-Hoc|x64.Build.0 = Release|Any CPU
		{7A9C0883-22C0-4D1D-98FB-A9E1CA74672F}.Ad-Hoc|x86.ActiveCfg = Release|Any CPU
		{7A9C0883-22C0-4D1D-98FB-A9E1CA74672F}.Ad-Hoc|x86.Build.0 = Release|Any CPU
		{7A9C0883-22C0-4D1D-98FB-A9E1CA74672F}.AppStore|Any CPU.ActiveCfg = Release|Any CPU
		{7A9C0883-22C0-4D1D-98FB-A9E1CA74672F}.AppStore|Any CPU.Build.0 = Release|Any CPU
		{7A9C0883-22C0-4D1D-98FB-A9E1CA74672F}.AppStore|ARM.ActiveCfg = Release|Any CPU
		{7A9C0883-22C0-4D1D-98FB-A9E1CA74672F}.AppStore|ARM.Build.0 = Release|Any CPU
		{7A9C0883-22C0-4D1D-98FB-A9E1CA74672F}.AppStore|iPhone.ActiveCfg = Release|Any CPU
		{7A9C0883-22C0-4D1D-98FB-A9E1CA74672F}.AppStore|iPhone.Build.0 = Release|Any CPU
		{7A9C0883-22C0-4D1D-98FB-A9E1CA74672F}.AppStore|iPhoneSimulator.ActiveCfg = Release|Any CPU
		{7A9C0883-22C0-4D1D-98FB-A9E1CA74672F}.AppStore|iPhoneSimulator.Build.0 = Release|Any CPU
		{7A9C0883-22C0-4D1D-98FB-A9E1CA74672F}.AppStore|x64.ActiveCfg = Release|Any CPU
		{7A9C0883-22C0-4D1D-98FB-A9E1CA74672F}.AppStore|x64.Build.0 = Release|Any CPU
		{7A9C0883-22C0-4D1D-98FB-A9E1CA74672F}.AppStore|x86.ActiveCfg = Release|Any CPU
		{7A9C0883-22C0-4D1D-98FB-A9E1CA74672F}.AppStore|x86.Build.0 = Release|Any CPU
		{7A9C0883-22C0-4D1D-98FB-A9E1CA74672F}.Debug|Any CPU.ActiveCfg = Debug|Any CPU
		{7A9C0883-22C0-4D1D-98FB-A9E1CA74672F}.Debug|Any CPU.Build.0 = Debug|Any CPU
		{7A9C0883-22C0-4D1D-98FB-A9E1CA74672F}.Debug|ARM.ActiveCfg = Debug|Any CPU
		{7A9C0883-22C0-4D1D-98FB-A9E1CA74672F}.Debug|ARM.Build.0 = Debug|Any CPU
		{7A9C0883-22C0-4D1D-98FB-A9E1CA74672F}.Debug|iPhone.ActiveCfg = Debug|Any CPU
		{7A9C0883-22C0-4D1D-98FB-A9E1CA74672F}.Debug|iPhone.Build.0 = Debug|Any CPU
		{7A9C0883-22C0-4D1D-98FB-A9E1CA74672F}.Debug|iPhoneSimulator.ActiveCfg = Debug|Any CPU
		{7A9C0883-22C0-4D1D-98FB-A9E1CA74672F}.Debug|iPhoneSimulator.Build.0 = Debug|Any CPU
		{7A9C0883-22C0-4D1D-98FB-A9E1CA74672F}.Debug|x64.ActiveCfg = Debug|Any CPU
		{7A9C0883-22C0-4D1D-98FB-A9E1CA74672F}.Debug|x64.Build.0 = Debug|Any CPU
		{7A9C0883-22C0-4D1D-98FB-A9E1CA74672F}.Debug|x86.ActiveCfg = Debug|Any CPU
		{7A9C0883-22C0-4D1D-98FB-A9E1CA74672F}.Debug|x86.Build.0 = Debug|Any CPU
		{7A9C0883-22C0-4D1D-98FB-A9E1CA74672F}.Release|Any CPU.ActiveCfg = Release|Any CPU
		{7A9C0883-22C0-4D1D-98FB-A9E1CA74672F}.Release|Any CPU.Build.0 = Release|Any CPU
		{7A9C0883-22C0-4D1D-98FB-A9E1CA74672F}.Release|ARM.ActiveCfg = Release|Any CPU
		{7A9C0883-22C0-4D1D-98FB-A9E1CA74672F}.Release|ARM.Build.0 = Release|Any CPU
		{7A9C0883-22C0-4D1D-98FB-A9E1CA74672F}.Release|iPhone.ActiveCfg = Release|Any CPU
		{7A9C0883-22C0-4D1D-98FB-A9E1CA74672F}.Release|iPhone.Build.0 = Release|Any CPU
		{7A9C0883-22C0-4D1D-98FB-A9E1CA74672F}.Release|iPhoneSimulator.ActiveCfg = Release|Any CPU
		{7A9C0883-22C0-4D1D-98FB-A9E1CA74672F}.Release|iPhoneSimulator.Build.0 = Release|Any CPU
		{7A9C0883-22C0-4D1D-98FB-A9E1CA74672F}.Release|x64.ActiveCfg = Release|Any CPU
		{7A9C0883-22C0-4D1D-98FB-A9E1CA74672F}.Release|x64.Build.0 = Release|Any CPU
		{7A9C0883-22C0-4D1D-98FB-A9E1CA74672F}.Release|x86.ActiveCfg = Release|Any CPU
		{7A9C0883-22C0-4D1D-98FB-A9E1CA74672F}.Release|x86.Build.0 = Release|Any CPU
	EndGlobalSection
	GlobalSection(SolutionProperties) = preSolution
		HideSolutionNode = FALSE
	EndGlobalSection
	GlobalSection(NestedProjects) = preSolution
		{8681EDC8-C9DA-495A-BF74-6EF3E47FD266} = {F9C6C9FB-23A7-452C-B311-C82B09B7A39F}
		{23928727-EE58-4E1E-9EFE-66EF2E1B804D} = {C673FB79-E4B7-4D67-BE95-52CCB2352FCE}
		{01DC4615-9C53-4576-81BC-75FA4F969388} = {F9C6C9FB-23A7-452C-B311-C82B09B7A39F}
		{538B2FC6-12BA-4744-B5B6-6511654FB711} = {F9C6C9FB-23A7-452C-B311-C82B09B7A39F}
		{A62A007C-A6E4-490D-850D-6D89C9C95F7F} = {F9C6C9FB-23A7-452C-B311-C82B09B7A39F}
		{2A7948B4-CF26-418A-89A9-6BE5EEC60799} = {F9C6C9FB-23A7-452C-B311-C82B09B7A39F}
		{63F99A1E-5798-475B-B448-27D9B29BD906} = {F9C6C9FB-23A7-452C-B311-C82B09B7A39F}
		{A9497183-167D-46DD-91F7-35EE313678C5} = {F9C6C9FB-23A7-452C-B311-C82B09B7A39F}
		{44D5400F-02BE-4B8E-840E-CC4A4C112C33} = {C673FB79-E4B7-4D67-BE95-52CCB2352FCE}
		{84364106-78F5-48EC-8060-A2D9781C2243} = {F9C6C9FB-23A7-452C-B311-C82B09B7A39F}
		{0968C421-81A1-4FC3-9235-C3E03E853E7C} = {C673FB79-E4B7-4D67-BE95-52CCB2352FCE}
		{EA2E3B9A-ED28-4619-813B-88A4A21AC98C} = {C673FB79-E4B7-4D67-BE95-52CCB2352FCE}
		{7A9C0883-22C0-4D1D-98FB-A9E1CA74672F} = {C673FB79-E4B7-4D67-BE95-52CCB2352FCE}
	EndGlobalSection
EndGlobal
